<?xml version="1.0" encoding="utf-8"?>
<Project ToolsVersion="4.0" xmlns="http://schemas.microsoft.com/developer/msbuild/2003">
  <ItemGroup>
    <Filter Include="Archivos de origen">
      <UniqueIdentifier>{4FC737F1-C7A5-4376-A066-2A32D752A2FF}</UniqueIdentifier>
      <Extensions>cpp;c;cc;cxx;def;odl;idl;hpj;bat;asm;asmx</Extensions>
    </Filter>
    <Filter Include="Archivos de encabezado">
      <UniqueIdentifier>{93995380-89BD-4b04-88EB-625FBE52EBFB}</UniqueIdentifier>
      <Extensions>h;hh;hpp;hxx;hm;inl;inc;ipp;xsd</Extensions>
    </Filter>
    <Filter Include="Archivos de recursos">
      <UniqueIdentifier>{67DA6AB6-F800-4c08-8B7A-83BB121AAD01}</UniqueIdentifier>
      <Extensions>rc;ico;cur;bmp;dlg;rc2;rct;bin;rgs;gif;jpg;jpeg;jpe;resx;tiff;tif;png;wav;mfcribbon-ms</Extensions>
    </Filter>
    <Filter Include="Archivos de encabezado\Modules">
      <UniqueIdentifier>{1f027b93-9034-44b5-b08c-749d42fb5e23}</UniqueIdentifier>
    </Filter>
    <Filter Include="Archivos de origen\Modules">
      <UniqueIdentifier>{c37a0cec-ab7b-473c-80b1-2e0691eb8a2d}</UniqueIdentifier>
    </Filter>
    <Filter Include="Archivos de encabezado\Resources">
      <UniqueIdentifier>{850048db-cc68-4522-b2c9-a75f6fd31421}</UniqueIdentifier>
    </Filter>
    <Filter Include="Archivos de origen\Resources">
      <UniqueIdentifier>{03e4cc79-12b1-4178-bb09-1de53efed2c7}</UniqueIdentifier>
    </Filter>
    <Filter Include="Archivos de encabezado\Scenes">
      <UniqueIdentifier>{a37ce05d-0495-4604-b6df-aa67e52ceb80}</UniqueIdentifier>
    </Filter>
    <Filter Include="Archivos de origen\Scenes">
      <UniqueIdentifier>{5c4e7fd5-d843-45eb-a7fa-62c6f38c9dc1}</UniqueIdentifier>
    </Filter>
    <Filter Include="Archivos de encabezado\Components">
      <UniqueIdentifier>{c32f65b7-1915-4c7a-8b50-e42faa24203b}</UniqueIdentifier>
    </Filter>
    <Filter Include="Archivos de encabezado\Math">
      <UniqueIdentifier>{d465de1c-6288-4c0e-825e-caa761338e5f}</UniqueIdentifier>
    </Filter>
    <Filter Include="Archivos de origen\Math">
      <UniqueIdentifier>{54438940-a85a-4e08-b1a8-56c494e33a9f}</UniqueIdentifier>
    </Filter>
    <Filter Include="Archivos de encabezado\Components\Singletons">
      <UniqueIdentifier>{8f29481e-57d8-4c8f-8948-ffc44ed78372}</UniqueIdentifier>
    </Filter>
    <Filter Include="Archivos de encabezado\Systems">
      <UniqueIdentifier>{001e997d-c46d-467d-ab16-20b2712994e6}</UniqueIdentifier>
    </Filter>
    <Filter Include="Archivos de origen\Systems">
      <UniqueIdentifier>{71e82d3a-e526-441d-b64e-6ee7fa94c189}</UniqueIdentifier>
    </Filter>
    <Filter Include="Archivos de encabezado\Utils">
      <UniqueIdentifier>{c520c5ce-94cc-4c87-b35a-2017b9793ea9}</UniqueIdentifier>
    </Filter>
    <Filter Include="Archivos de encabezado\Entities">
      <UniqueIdentifier>{0bca8c02-7383-4f53-8706-0dc3ac381b49}</UniqueIdentifier>
    </Filter>
    <Filter Include="Archivos de origen\Utils">
      <UniqueIdentifier>{3e7948c3-1a3e-4ccb-9b4f-64f3b487ebce}</UniqueIdentifier>
    </Filter>
    <Filter Include="Archivos de origen\Components">
      <UniqueIdentifier>{641fca38-d5e5-4f07-92a0-49ff484314cd}</UniqueIdentifier>
    </Filter>
    <Filter Include="Archivos de origen\Entities">
      <UniqueIdentifier>{0d20d7b4-bad6-47f4-adbe-d5dac738fa0c}</UniqueIdentifier>
    </Filter>
  </ItemGroup>
  <ItemGroup>
    <ClCompile Include="Main.cpp">
      <Filter>Archivos de origen</Filter>
    </ClCompile>
    <ClCompile Include="ModuleFSM.cpp">
      <Filter>Archivos de origen\Modules</Filter>
    </ClCompile>
    <ClCompile Include="ModuleInput.cpp">
      <Filter>Archivos de origen\Modules</Filter>
    </ClCompile>
    <ClCompile Include="ModuleResourceManager.cpp">
      <Filter>Archivos de origen\Modules</Filter>
    </ClCompile>
    <ClCompile Include="ModuleTextureImporter.cpp">
      <Filter>Archivos de origen\Modules</Filter>
    </ClCompile>
    <ClCompile Include="ModuleWindow.cpp">
      <Filter>Archivos de origen\Modules</Filter>
    </ClCompile>
    <ClCompile Include="ResourceTexture.cpp">
      <Filter>Archivos de origen\Resources</Filter>
    </ClCompile>
    <ClCompile Include="Resource.cpp">
      <Filter>Archivos de origen\Resources</Filter>
    </ClCompile>
    <ClCompile Include="GameplayState.cpp">
      <Filter>Archivos de origen\Scenes</Filter>
    </ClCompile>
    <ClCompile Include="Vector3.cpp">
      <Filter>Archivos de origen\Math</Filter>
    </ClCompile>
    <ClCompile Include="Game.cpp">
      <Filter>Archivos de origen</Filter>
    </ClCompile>
    <ClCompile Include="System.cpp">
      <Filter>Archivos de origen</Filter>
    </ClCompile>
    <ClCompile Include="RendererSystem.cpp">
      <Filter>Archivos de origen\Systems</Filter>
    </ClCompile>
    <ClCompile Include="Log.cpp">
      <Filter>Archivos de origen\Utils</Filter>
    </ClCompile>
    <ClCompile Include="Colors.cpp">
      <Filter>Archivos de origen\Utils</Filter>
    </ClCompile>
    <ClCompile Include="DebugDrawer.cpp">
      <Filter>Archivos de origen\Utils</Filter>
    </ClCompile>
    <ClCompile Include="EntityManager.cpp">
      <Filter>Archivos de origen\Entities</Filter>
    </ClCompile>
    <ClCompile Include="ComponentManager.cpp">
      <Filter>Archivos de origen\Components</Filter>
    </ClCompile>
  </ItemGroup>
  <ItemGroup>
    <ClInclude Include="State.h">
      <Filter>Archivos de encabezado</Filter>
    </ClInclude>
    <ClInclude Include="Module.h">
      <Filter>Archivos de encabezado\Modules</Filter>
    </ClInclude>
    <ClInclude Include="ModuleFSM.h">
      <Filter>Archivos de encabezado\Modules</Filter>
    </ClInclude>
    <ClInclude Include="ModuleInput.h">
      <Filter>Archivos de encabezado\Modules</Filter>
    </ClInclude>
    <ClInclude Include="ModuleResourceManager.h">
      <Filter>Archivos de encabezado\Modules</Filter>
    </ClInclude>
    <ClInclude Include="ModuleTextureImporter.h">
      <Filter>Archivos de encabezado\Modules</Filter>
    </ClInclude>
    <ClInclude Include="ModuleWindow.h">
      <Filter>Archivos de encabezado\Modules</Filter>
    </ClInclude>
    <ClInclude Include="ResourceTexture.h">
      <Filter>Archivos de encabezado\Resources</Filter>
    </ClInclude>
    <ClInclude Include="Resource.h">
      <Filter>Archivos de encabezado\Resources</Filter>
    </ClInclude>
    <ClInclude Include="GameplayState.h">
      <Filter>Archivos de encabezado\Scenes</Filter>
    </ClInclude>
    <ClInclude Include="Vector3.h">
      <Filter>Archivos de encabezado\Math</Filter>
    </ClInclude>
    <ClInclude Include="Component.h">
      <Filter>Archivos de encabezado\Components</Filter>
    </ClInclude>
    <ClInclude Include="Game.h">
      <Filter>Archivos de encabezado</Filter>
    </ClInclude>
    <ClInclude Include="ComponentDefs.h">
      <Filter>Archivos de encabezado\Components</Filter>
    </ClInclude>
    <ClInclude Include="System.h">
      <Filter>Archivos de encabezado\Systems</Filter>
    </ClInclude>
    <ClInclude Include="RendererSystem.h">
      <Filter>Archivos de encabezado\Systems</Filter>
    </ClInclude>
    <ClInclude Include="SpriteComponent.h">
      <Filter>Archivos de encabezado\Components</Filter>
    </ClInclude>
    <ClInclude Include="TransformComponent.h">
      <Filter>Archivos de encabezado\Components</Filter>
    </ClInclude>
    <ClInclude Include="RendererComponent.h">
      <Filter>Archivos de encabezado\Components\Singletons</Filter>
    </ClInclude>
    <ClInclude Include="Colors.h">
      <Filter>Archivos de encabezado\Utils</Filter>
    </ClInclude>
    <ClInclude Include="Defines.h">
      <Filter>Archivos de encabezado\Utils</Filter>
    </ClInclude>
    <ClInclude Include="DebugDrawer.h">
      <Filter>Archivos de encabezado\Utils</Filter>
    </ClInclude>
    <ClInclude Include="Log.h">
      <Filter>Archivos de encabezado\Utils</Filter>
    </ClInclude>
    <ClInclude Include="Memory.h">
      <Filter>Archivos de encabezado\Utils</Filter>
    </ClInclude>
    <ClInclude Include="..\shared\Utils.h">
      <Filter>Archivos de encabezado\Utils</Filter>
    </ClInclude>
    <ClInclude Include="Entity.h">
      <Filter>Archivos de encabezado\Entities</Filter>
    </ClInclude>
    <ClInclude Include="EntityDefs.h">
      <Filter>Archivos de encabezado\Entities</Filter>
    </ClInclude>
    <ClInclude Include="EntityManager.h">
      <Filter>Archivos de encabezado\Entities</Filter>
    </ClInclude>
    <ClInclude Include="ComponentManager.h">
      <Filter>Archivos de encabezado\Components</Filter>
    </ClInclude>
  </ItemGroup>
</Project>