<?xml version="1.0" encoding="utf-8"?>
<Project ToolsVersion="4.0" xmlns="http://schemas.microsoft.com/developer/msbuild/2003">
  <ItemGroup>
    <Filter Include="Source Files">
      <UniqueIdentifier>{4FC737F1-C7A5-4376-A066-2A32D752A2FF}</UniqueIdentifier>
      <Extensions>cpp;c;cc;cxx;def;odl;idl;hpj;bat;asm;asmx</Extensions>
    </Filter>
    <Filter Include="Header Files">
      <UniqueIdentifier>{93995380-89BD-4b04-88EB-625FBE52EBFB}</UniqueIdentifier>
      <Extensions>h;hh;hpp;hxx;hm;inl;inc;ipp;xsd</Extensions>
    </Filter>
    <Filter Include="Resource Files">
      <UniqueIdentifier>{67DA6AB6-F800-4c08-8B7A-83BB121AAD01}</UniqueIdentifier>
      <Extensions>rc;ico;cur;bmp;dlg;rc2;rct;bin;rgs;gif;jpg;jpeg;jpe;resx;tiff;tif;png;wav;mfcribbon-ms</Extensions>
    </Filter>
    <Filter Include="Header Files\Components">
      <UniqueIdentifier>{16db9e71-d076-416c-87a6-bc27c9ecddae}</UniqueIdentifier>
    </Filter>
    <Filter Include="Header Files\Networking">
      <UniqueIdentifier>{e9e55fa4-e1ac-42c3-affe-dcb5ca043115}</UniqueIdentifier>
    </Filter>
    <Filter Include="Header Files\Systems">
      <UniqueIdentifier>{090d2354-aad2-458e-ab40-592246d8c08f}</UniqueIdentifier>
    </Filter>
    <Filter Include="Source Files\Systems">
      <UniqueIdentifier>{0d2855d0-e2bd-417a-837c-af5952598185}</UniqueIdentifier>
    </Filter>
    <Filter Include="Source Files\Networking">
      <UniqueIdentifier>{23ffd94e-7ed8-4ea2-ba2e-9d6ef0a7c599}</UniqueIdentifier>
    </Filter>
    <Filter Include="Source Files\Components">
      <UniqueIdentifier>{5e9170cf-927a-4d30-8b11-6befe9af2302}</UniqueIdentifier>
    </Filter>
    <Filter Include="Header Files\States">
      <UniqueIdentifier>{46dc7f90-81dd-47e3-b842-67ccee90f140}</UniqueIdentifier>
    </Filter>
    <Filter Include="Source Files\States">
      <UniqueIdentifier>{3a47b263-0ba6-4b54-b6ec-8c5fdd9d7702}</UniqueIdentifier>
    </Filter>
    <Filter Include="Dependencies">
      <UniqueIdentifier>{c70dd1f9-cdf4-4dc3-b3ac-84bc844028d0}</UniqueIdentifier>
    </Filter>
    <Filter Include="Dependencies\imgui">
      <UniqueIdentifier>{089876a5-f5ee-4921-88ae-38dabbb19c62}</UniqueIdentifier>
    </Filter>
    <Filter Include="Dependencies\gl3w">
      <UniqueIdentifier>{9bcbb0b3-a586-483c-81c7-61a653d6f3d8}</UniqueIdentifier>
    </Filter>
    <Filter Include="Dependencies\stb">
      <UniqueIdentifier>{4afb4614-36a1-4291-9bb6-78f1b6c9ddab}</UniqueIdentifier>
    </Filter>
    <Filter Include="Header Files\States\Gameplay States">
      <UniqueIdentifier>{51b46cec-028c-4337-9629-cce3b9472024}</UniqueIdentifier>
    </Filter>
    <Filter Include="Source Files\States\Gameplay States">
      <UniqueIdentifier>{c0e9fede-3989-4dab-955b-83bfe5bc4604}</UniqueIdentifier>
    </Filter>
    <Filter Include="Source Files\States\Main Menu States">
      <UniqueIdentifier>{48a12808-8d44-4d99-a657-7974c42c6313}</UniqueIdentifier>
    </Filter>
    <Filter Include="Header Files\States\Main Menu States">
      <UniqueIdentifier>{7e460006-94da-4fad-8379-03dad7775f7b}</UniqueIdentifier>
    </Filter>
    <Filter Include="Header Files\States\Scoreboard States">
      <UniqueIdentifier>{bf272ca6-34f0-4597-bb18-86bb5c80fa49}</UniqueIdentifier>
    </Filter>
    <Filter Include="Source Files\States\Scoreboard States">
      <UniqueIdentifier>{36a83916-5d1b-4518-b954-e6468f3f0609}</UniqueIdentifier>
    </Filter>
  </ItemGroup>
  <ItemGroup>
    <ClCompile Include="Main.cpp">
      <Filter>Source Files</Filter>
    </ClCompile>
    <ClCompile Include="ServerSystem.cpp">
      <Filter>Source Files\Systems</Filter>
    </ClCompile>
    <ClCompile Include="ClientProxy.cpp">
      <Filter>Source Files\Networking</Filter>
    </ClCompile>
    <ClCompile Include="ReplicationManagerServer.cpp">
      <Filter>Source Files\Networking</Filter>
    </ClCompile>
    <ClCompile Include="GameServer.cpp">
      <Filter>Source Files</Filter>
    </ClCompile>
    <ClCompile Include="DeliveryManagerServer.cpp">
      <Filter>Source Files\Networking</Filter>
    </ClCompile>
    <ClCompile Include="Delivery.cpp">
      <Filter>Source Files\Networking</Filter>
    </ClCompile>
    <ClCompile Include="ReplicationResultManager.h">
      <Filter>Header Files\Networking</Filter>
    </ClCompile>
    <ClCompile Include="ReplicationResultManager.cpp">
      <Filter>Source Files\Networking</Filter>
    </ClCompile>
    <ClCompile Include="ServerComponent.cpp">
      <Filter>Source Files\Components</Filter>
    </ClCompile>
    <ClCompile Include="ConfigServer.cpp">
      <Filter>Source Files</Filter>
    </ClCompile>
    <ClCompile Include="pchServer.cpp">
      <Filter>Source Files</Filter>
    </ClCompile>
    <ClCompile Include="WeaponSystemServer.cpp">
      <Filter>Source Files\Systems</Filter>
    </ClCompile>
    <ClCompile Include="CollisionSystemServer.cpp">
      <Filter>Source Files\Systems</Filter>
    </ClCompile>
    <ClCompile Include="InputSystemServer.cpp">
      <Filter>Source Files\Systems</Filter>
    </ClCompile>
    <ClCompile Include="HealthSystem.cpp">
      <Filter>Source Files\Systems</Filter>
    </ClCompile>
    <ClCompile Include="TransformComponentServer.cpp">
      <Filter>Source Files\Components</Filter>
    </ClCompile>
    <ClCompile Include="SpawnerSystem.cpp">
      <Filter>Source Files\Systems</Filter>
    </ClCompile>
    <ClCompile Include="MovementSystemServer.cpp">
      <Filter>Source Files\Systems</Filter>
    </ClCompile>
    <ClCompile Include="GameplayStateServer.cpp">
      <Filter>Source Files\States</Filter>
    </ClCompile>
    <ClCompile Include="..\dependencies\source\imgui\imgui.cpp">
      <Filter>Dependencies\imgui</Filter>
    </ClCompile>
    <ClCompile Include="..\dependencies\source\imgui\imgui_demo.cpp">
      <Filter>Dependencies\imgui</Filter>
    </ClCompile>
    <ClCompile Include="..\dependencies\source\imgui\imgui_draw.cpp">
      <Filter>Dependencies\imgui</Filter>
    </ClCompile>
    <ClCompile Include="..\dependencies\source\imgui\imgui_impl_opengl3.cpp">
      <Filter>Dependencies\imgui</Filter>
    </ClCompile>
    <ClCompile Include="..\dependencies\source\imgui\imgui_impl_sdl.cpp">
      <Filter>Dependencies\imgui</Filter>
    </ClCompile>
    <ClCompile Include="..\dependencies\source\imgui\imgui_widgets.cpp">
      <Filter>Dependencies\imgui</Filter>
    </ClCompile>
    <ClCompile Include="..\dependencies\source\gl3w\gl3w.cpp">
      <Filter>Dependencies\gl3w</Filter>
    </ClCompile>
    <ClCompile Include="..\dependencies\source\stb\stb_image.cpp">
      <Filter>Dependencies\stb</Filter>
    </ClCompile>
    <ClCompile Include="MainMenuStateServer.cpp">
      <Filter>Source Files\States</Filter>
    </ClCompile>
    <ClCompile Include="ScoreboardStateServer.cpp">
      <Filter>Source Files\States</Filter>
    </ClCompile>
    <ClCompile Include="PlayStateServer.h">
      <Filter>Header Files\States\Gameplay States</Filter>
    </ClCompile>
    <ClCompile Include="PlayStateServer.cpp">
      <Filter>Source Files\States\Gameplay States</Filter>
    </ClCompile>
    <ClCompile Include="StartStateServer.cpp">
      <Filter>Source Files\States\Gameplay States</Filter>
    </ClCompile>
    <ClCompile Include="ResultsStateServer.cpp">
      <Filter>Source Files\States\Scoreboard States</Filter>
    </ClCompile>
    <ClCompile Include="RestartStateServer.cpp">
      <Filter>Source Files\States\Scoreboard States</Filter>
    </ClCompile>
    <ClCompile Include="ConnectStateServer.cpp">
      <Filter>Source Files\States\Main Menu States</Filter>
    </ClCompile>
    <ClCompile Include="SetupStateServer.cpp">
      <Filter>Source Files\States\Main Menu States</Filter>
    </ClCompile>
    <ClCompile Include="..\dependencies\source\imgui\imgui_stdlib.cpp">
      <Filter>Dependencies\imgui</Filter>
    </ClCompile>
  </ItemGroup>
  <ItemGroup>
    <ClInclude Include="ClientProxy.h">
      <Filter>Header Files\Networking</Filter>
    </ClInclude>
    <ClInclude Include="ReplicationManagerServer.h">
      <Filter>Header Files\Networking</Filter>
    </ClInclude>
    <ClInclude Include="GameServer.h">
      <Filter>Header Files</Filter>
    </ClInclude>
    <ClInclude Include="DeliveryManagerServer.h">
      <Filter>Header Files\Networking</Filter>
    </ClInclude>
    <ClInclude Include="Delivery.h">
      <Filter>Header Files\Networking</Filter>
    </ClInclude>
    <ClInclude Include="ServerComponent.h">
      <Filter>Header Files\Components</Filter>
    </ClInclude>
    <ClInclude Include="ConfigServer.h">
      <Filter>Header Files</Filter>
    </ClInclude>
    <ClInclude Include="pchServer.h">
      <Filter>Header Files</Filter>
    </ClInclude>
    <ClInclude Include="WeaponSystemServer.h">
      <Filter>Header Files\Systems</Filter>
    </ClInclude>
    <ClInclude Include="CollisionSystemServer.h">
      <Filter>Header Files\Systems</Filter>
    </ClInclude>
    <ClInclude Include="InputSystemServer.h">
      <Filter>Header Files\Systems</Filter>
    </ClInclude>
    <ClInclude Include="HealthSystem.h">
      <Filter>Header Files\Systems</Filter>
    </ClInclude>
    <ClInclude Include="ServerSystem.h">
      <Filter>Header Files\Systems</Filter>
    </ClInclude>
    <ClInclude Include="SpawnerSystem.h">
      <Filter>Header Files\Systems</Filter>
    </ClInclude>
    <ClInclude Include="MovementSystemServer.h">
      <Filter>Header Files\Systems</Filter>
    </ClInclude>
    <ClInclude Include="GameplayStateServer.h">
      <Filter>Header Files\States</Filter>
    </ClInclude>
    <ClInclude Include="MainMenuStateServer.h">
      <Filter>Header Files\States</Filter>
    </ClInclude>
    <ClInclude Include="ScoreboardStateServer.h">
      <Filter>Header Files\States</Filter>
    </ClInclude>
    <ClInclude Include="StartStateServer.h">
      <Filter>Header Files\States\Gameplay States</Filter>
    </ClInclude>
    <ClInclude Include="SetupStateServer.h">
      <Filter>Header Files\States\Main Menu States</Filter>
    </ClInclude>
    <ClInclude Include="ConnectStateServer.h">
      <Filter>Header Files\States\Main Menu States</Filter>
    </ClInclude>
    <ClInclude Include="ResultsStateServer.h">
      <Filter>Header Files\States\Scoreboard States</Filter>
    </ClInclude>
    <ClInclude Include="RestartStateServer.h">
      <Filter>Header Files\States\Scoreboard States</Filter>
    </ClInclude>
  </ItemGroup>
</Project>