<?xml version="1.0" encoding="utf-8"?>
<Project ToolsVersion="4.0" xmlns="http://schemas.microsoft.com/developer/msbuild/2003">
  <ItemGroup>
    <Filter Include="Header Files">
      <UniqueIdentifier>{93995380-89BD-4b04-88EB-625FBE52EBFB}</UniqueIdentifier>
      <Extensions>h;hh;hpp;hxx;hm;inl;inc;ipp;xsd</Extensions>
    </Filter>
    <Filter Include="Header Files\Components">
      <UniqueIdentifier>{c32f65b7-1915-4c7a-8b50-e42faa24203b}</UniqueIdentifier>
    </Filter>
    <Filter Include="Header Files\Systems">
      <UniqueIdentifier>{001e997d-c46d-467d-ab16-20b2712994e6}</UniqueIdentifier>
    </Filter>
    <Filter Include="Source Files">
      <UniqueIdentifier>{4FC737F1-C7A5-4376-A066-2A32D752A2FF}</UniqueIdentifier>
      <Extensions>cpp;c;cc;cxx;def;odl;idl;hpj;bat;asm;asmx</Extensions>
    </Filter>
    <Filter Include="Source Files\Systems">
      <UniqueIdentifier>{71e82d3a-e526-441d-b64e-6ee7fa94c189}</UniqueIdentifier>
    </Filter>
    <Filter Include="Source Files\States">
      <UniqueIdentifier>{5c4e7fd5-d843-45eb-a7fa-62c6f38c9dc1}</UniqueIdentifier>
    </Filter>
    <Filter Include="Source Files\Networking">
      <UniqueIdentifier>{85c3aafd-a2f1-4319-bdec-ef29a9e44590}</UniqueIdentifier>
    </Filter>
    <Filter Include="Resource Files">
      <UniqueIdentifier>{67DA6AB6-F800-4c08-8B7A-83BB121AAD01}</UniqueIdentifier>
      <Extensions>rc;ico;cur;bmp;dlg;rc2;rct;bin;rgs;gif;jpg;jpeg;jpe;resx;tiff;tif;png;wav;mfcribbon-ms</Extensions>
    </Filter>
    <Filter Include="Source Files\Components">
      <UniqueIdentifier>{c6c5bf1a-ae10-4d05-ad4c-d930110ddd8b}</UniqueIdentifier>
    </Filter>
    <Filter Include="Header Files\Networking">
      <UniqueIdentifier>{61016cfe-7022-4fe0-a644-5f35b6152c39}</UniqueIdentifier>
    </Filter>
    <Filter Include="Header Files\States">
      <UniqueIdentifier>{b92f7876-f766-4c6c-a4e3-e8b59cd1352d}</UniqueIdentifier>
    </Filter>
    <Filter Include="Dependencies">
      <UniqueIdentifier>{fa561a42-000b-430f-a802-c1f734d25591}</UniqueIdentifier>
    </Filter>
    <Filter Include="Dependencies\imgui">
      <UniqueIdentifier>{6514cf07-ed0b-42ff-9708-3515e968dd2c}</UniqueIdentifier>
    </Filter>
    <Filter Include="Dependencies\gl3w">
      <UniqueIdentifier>{eaf56b97-93ee-4584-9942-ea4b23e8dba9}</UniqueIdentifier>
    </Filter>
    <Filter Include="Dependencies\stb">
      <UniqueIdentifier>{bbc7c8c2-5351-4d4f-8827-7555b846f083}</UniqueIdentifier>
    </Filter>
    <Filter Include="Header Files\States\Main Menu States">
      <UniqueIdentifier>{f202c3e2-4792-4ed1-b488-0aacde4073a1}</UniqueIdentifier>
    </Filter>
    <Filter Include="Header Files\States\Scoreboard States">
      <UniqueIdentifier>{31eef6b0-6bd5-4ca9-a03f-b573573eb38b}</UniqueIdentifier>
    </Filter>
    <Filter Include="Header Files\States\Gameplay States">
      <UniqueIdentifier>{8d2ddb02-87d7-48bd-83db-4ed72823df82}</UniqueIdentifier>
    </Filter>
    <Filter Include="Source Files\States\Main Menu States">
      <UniqueIdentifier>{f0f55fe1-c1af-48a4-a8f0-04e97938bfb3}</UniqueIdentifier>
    </Filter>
    <Filter Include="Source Files\States\Gameplay States">
      <UniqueIdentifier>{b14fd197-e946-4cad-8f82-53b797675f2d}</UniqueIdentifier>
    </Filter>
    <Filter Include="Source Files\States\Scoreboard States">
      <UniqueIdentifier>{03c2cb01-580c-4ef9-b05f-ad5d0b693ef7}</UniqueIdentifier>
    </Filter>
    <Filter Include="Source Files\Panels">
      <UniqueIdentifier>{79d0f817-2e2c-4d69-adc7-78ad65eba52d}</UniqueIdentifier>
    </Filter>
    <Filter Include="Source Files\Panels\Debug Options">
      <UniqueIdentifier>{bf2ad616-c293-42b0-9127-3306b5f5c4f7}</UniqueIdentifier>
    </Filter>
    <Filter Include="Header Files\Components\Entity Components">
      <UniqueIdentifier>{a1c3a3d9-c063-4575-b33b-4a08c2e4bb87}</UniqueIdentifier>
    </Filter>
    <Filter Include="Header Files\Components\System Components">
      <UniqueIdentifier>{b8c27293-c631-4f93-9c89-5d53c619645a}</UniqueIdentifier>
    </Filter>
    <Filter Include="Source Files\Components\Entity Components">
      <UniqueIdentifier>{5bfa5c41-1651-45d9-b8ee-93b411e791fc}</UniqueIdentifier>
    </Filter>
    <Filter Include="Source Files\Components\System Components">
      <UniqueIdentifier>{871b5168-7097-48e3-b146-4c774134c399}</UniqueIdentifier>
    </Filter>
    <Filter Include="Header Files\Scripting">
      <UniqueIdentifier>{e7ea7c87-e6f1-4dcf-a1b7-6f8e1c8a0a99}</UniqueIdentifier>
    </Filter>
    <Filter Include="Source Files\Scripting">
      <UniqueIdentifier>{77062f35-bbce-44a6-ac93-b6135ceb1f73}</UniqueIdentifier>
    </Filter>
    <Filter Include="Header Files\Utils">
      <UniqueIdentifier>{f3b40dd5-5045-4985-8815-2f06b5cf8995}</UniqueIdentifier>
    </Filter>
    <Filter Include="Source Files\Utils">
      <UniqueIdentifier>{67f23cbf-b8ee-4937-8579-ab78d5c59de9}</UniqueIdentifier>
    </Filter>
    <Filter Include="Header Files\Systems\Unique">
      <UniqueIdentifier>{f0dbb705-2a37-44c1-bb4c-f7f65661600e}</UniqueIdentifier>
    </Filter>
    <Filter Include="Header Files\Systems\Shared">
      <UniqueIdentifier>{df0aa16b-c584-4104-8c76-2465266b9048}</UniqueIdentifier>
    </Filter>
    <Filter Include="Source Files\Systems\Unique">
      <UniqueIdentifier>{d4c11f9e-1ed4-4d43-9fd2-81447475becf}</UniqueIdentifier>
    </Filter>
    <Filter Include="Source Files\Systems\Shared">
      <UniqueIdentifier>{d4369e05-5a15-45e3-9c1d-c0fa4fc3e987}</UniqueIdentifier>
    </Filter>
  </ItemGroup>
  <ItemGroup>
    <ClCompile Include="Main.cpp">
      <Filter>Source Files</Filter>
    </ClCompile>
    <ClCompile Include="ReplicationManagerClient.cpp">
      <Filter>Source Files\Networking</Filter>
    </ClCompile>
    <ClCompile Include="GameClient.cpp">
      <Filter>Source Files</Filter>
    </ClCompile>
    <ClCompile Include="DeliveryManagerClient.cpp">
      <Filter>Source Files\Networking</Filter>
    </ClCompile>
    <ClCompile Include="ConfigClient.cpp">
      <Filter>Source Files</Filter>
    </ClCompile>
    <ClCompile Include="pchClient.cpp">
      <Filter>Source Files</Filter>
    </ClCompile>
    <ClCompile Include="Frame.cpp">
      <Filter>Source Files\Networking</Filter>
    </ClCompile>
    <ClCompile Include="..\dependencies\source\imgui\imgui.cpp">
      <Filter>Dependencies\imgui</Filter>
    </ClCompile>
    <ClCompile Include="..\dependencies\source\imgui\imgui_demo.cpp">
      <Filter>Dependencies\imgui</Filter>
    </ClCompile>
    <ClCompile Include="..\dependencies\source\imgui\imgui_draw.cpp">
      <Filter>Dependencies\imgui</Filter>
    </ClCompile>
    <ClCompile Include="..\dependencies\source\imgui\imgui_impl_opengl3.cpp">
      <Filter>Dependencies\imgui</Filter>
    </ClCompile>
    <ClCompile Include="..\dependencies\source\imgui\imgui_impl_sdl.cpp">
      <Filter>Dependencies\imgui</Filter>
    </ClCompile>
    <ClCompile Include="..\dependencies\source\imgui\imgui_widgets.cpp">
      <Filter>Dependencies\imgui</Filter>
    </ClCompile>
    <ClCompile Include="..\dependencies\source\gl3w\gl3w.cpp">
      <Filter>Dependencies\gl3w</Filter>
    </ClCompile>
    <ClCompile Include="..\dependencies\source\stb\stb_image.cpp">
      <Filter>Dependencies\stb</Filter>
    </ClCompile>
    <ClCompile Include="ConnectStateClient.cpp">
      <Filter>Source Files\States\Main Menu States</Filter>
    </ClCompile>
    <ClCompile Include="SetupStateClient.cpp">
      <Filter>Source Files\States\Main Menu States</Filter>
    </ClCompile>
    <ClCompile Include="StartStateClient.cpp">
      <Filter>Source Files\States\Gameplay States</Filter>
    </ClCompile>
    <ClCompile Include="PlayStateClient.cpp">
      <Filter>Source Files\States\Gameplay States</Filter>
    </ClCompile>
    <ClCompile Include="ResultsStateClient.cpp">
      <Filter>Source Files\States\Scoreboard States</Filter>
    </ClCompile>
    <ClCompile Include="RestartStateClient.cpp">
      <Filter>Source Files\States\Scoreboard States</Filter>
    </ClCompile>
    <ClCompile Include="..\dependencies\source\imgui\imgui_stdlib.cpp">
      <Filter>Dependencies\imgui</Filter>
    </ClCompile>
    <ClCompile Include="NetworkingPanelClient.cpp">
      <Filter>Source Files\Panels\Debug Options</Filter>
    </ClCompile>
    <ClCompile Include="StatesPanelClient.cpp">
      <Filter>Source Files\Panels\Debug Options</Filter>
    </ClCompile>
    <ClCompile Include="ClientComponent.cpp">
      <Filter>Source Files\Components\System Components</Filter>
    </ClCompile>
    <ClCompile Include="TransformComponentClient.cpp">
      <Filter>Source Files\Components\Entity Components</Filter>
    </ClCompile>
    <ClCompile Include="GameplayStateClient.cpp">
      <Filter>Source Files\States\Gameplay States</Filter>
    </ClCompile>
    <ClCompile Include="MainMenuStateClient.cpp">
      <Filter>Source Files\States\Main Menu States</Filter>
    </ClCompile>
    <ClCompile Include="ScoreboardStateClient.cpp">
      <Filter>Source Files\States\Scoreboard States</Filter>
    </ClCompile>
    <ClCompile Include="ScriptingComponent.cpp">
      <Filter>Source Files\Components\System Components</Filter>
    </ClCompile>
    <ClCompile Include="UtilsClient.cpp">
      <Filter>Source Files\Utils</Filter>
    </ClCompile>
    <ClCompile Include="BotBattlesModule.cpp">
      <Filter>Source Files\Scripting</Filter>
    </ClCompile>
    <ClCompile Include="CollisionSystemClient.cpp">
      <Filter>Source Files\Systems\Shared</Filter>
    </ClCompile>
    <ClCompile Include="MovementSystemClient.cpp">
      <Filter>Source Files\Systems\Shared</Filter>
    </ClCompile>
    <ClCompile Include="RemotePlayerMovementSystem.cpp">
      <Filter>Source Files\Systems\Shared</Filter>
    </ClCompile>
    <ClCompile Include="SightSystemClient.cpp">
      <Filter>Source Files\Systems\Shared</Filter>
    </ClCompile>
    <ClCompile Include="WeaponSystemClient.cpp">
      <Filter>Source Files\Systems\Shared</Filter>
    </ClCompile>
    <ClCompile Include="ScriptingSystem.cpp">
      <Filter>Source Files\Systems\Unique</Filter>
    </ClCompile>
    <ClCompile Include="OutputSystemClient.cpp">
      <Filter>Source Files\Systems\Unique</Filter>
    </ClCompile>
    <ClCompile Include="ClientSystem.cpp">
      <Filter>Source Files\Systems\Unique</Filter>
    </ClCompile>
    <ClCompile Include="InputSystem.cpp">
      <Filter>Source Files\Systems\Unique</Filter>
    </ClCompile>
    <ClCompile Include="SpriteComponentClient.cpp">
      <Filter>Source Files\Components\Entity Components</Filter>
    </ClCompile>
    <ClCompile Include="HealthSystemClient.cpp">
      <Filter>Source Files\Systems\Shared</Filter>
    </ClCompile>
    <ClCompile Include="HealthComponentClient.cpp">
      <Filter>Source Files\Components\Entity Components</Filter>
    </ClCompile>
    <ClCompile Include="WeaponComponentClient.cpp">
      <Filter>Source Files\Components\Entity Components</Filter>
    </ClCompile>
    <ClCompile Include="SightComponentClient.cpp">
      <Filter>Source Files\Components\Entity Components</Filter>
    </ClCompile>
    <ClCompile Include="RemotePlayerWeaponSystem.cpp">
      <Filter>Source Files\Systems\Shared</Filter>
    </ClCompile>
  </ItemGroup>
  <ItemGroup>
    <ClInclude Include="ReplicationManagerClient.h">
      <Filter>Header Files\Networking</Filter>
    </ClInclude>
    <ClInclude Include="GameClient.h">
      <Filter>Header Files</Filter>
    </ClInclude>
    <ClInclude Include="DeliveryManagerClient.h">
      <Filter>Header Files\Networking</Filter>
    </ClInclude>
    <ClInclude Include="ConfigClient.h">
      <Filter>Header Files</Filter>
    </ClInclude>
    <ClInclude Include="pchClient.h">
      <Filter>Header Files</Filter>
    </ClInclude>
    <ClInclude Include="Frame.h">
      <Filter>Header Files\Networking</Filter>
    </ClInclude>
    <ClInclude Include="SetupStateClient.h">
      <Filter>Header Files\States\Main Menu States</Filter>
    </ClInclude>
    <ClInclude Include="ConnectStateClient.h">
      <Filter>Header Files\States\Main Menu States</Filter>
    </ClInclude>
    <ClInclude Include="ResultsStateClient.h">
      <Filter>Header Files\States\Scoreboard States</Filter>
    </ClInclude>
    <ClInclude Include="StartStateClient.h">
      <Filter>Header Files\States\Gameplay States</Filter>
    </ClInclude>
    <ClInclude Include="PlayStateClient.h">
      <Filter>Header Files\States\Gameplay States</Filter>
    </ClInclude>
    <ClInclude Include="RestartStateClient.h">
      <Filter>Header Files\States\Scoreboard States</Filter>
    </ClInclude>
    <ClInclude Include="ClientComponent.h">
      <Filter>Header Files\Components\System Components</Filter>
    </ClInclude>
    <ClInclude Include="LocalPlayerComponent.h">
      <Filter>Header Files\Components\Entity Components</Filter>
    </ClInclude>
    <ClInclude Include="RemotePlayerComponent.h">
      <Filter>Header Files\Components\Entity Components</Filter>
    </ClInclude>
    <ClInclude Include="GameplayStateClient.h">
      <Filter>Header Files\States\Gameplay States</Filter>
    </ClInclude>
    <ClInclude Include="MainMenuStateClient.h">
      <Filter>Header Files\States\Main Menu States</Filter>
    </ClInclude>
    <ClInclude Include="ScoreboardStateClient.h">
      <Filter>Header Files\States\Scoreboard States</Filter>
    </ClInclude>
    <ClInclude Include="ScriptingComponent.h">
      <Filter>Header Files\Components\System Components</Filter>
    </ClInclude>
    <ClInclude Include="UtilsClient.h">
      <Filter>Header Files\Utils</Filter>
    </ClInclude>
    <ClInclude Include="CollisionSystemClient.h">
      <Filter>Header Files\Systems\Shared</Filter>
    </ClInclude>
    <ClInclude Include="MovementSystemClient.h">
      <Filter>Header Files\Systems\Shared</Filter>
    </ClInclude>
    <ClInclude Include="RemotePlayerMovementSystem.h">
      <Filter>Header Files\Systems\Shared</Filter>
    </ClInclude>
    <ClInclude Include="WeaponSystemClient.h">
      <Filter>Header Files\Systems\Shared</Filter>
    </ClInclude>
    <ClInclude Include="SightSystemClient.h">
      <Filter>Header Files\Systems\Shared</Filter>
    </ClInclude>
    <ClInclude Include="ScriptingSystem.h">
      <Filter>Header Files\Systems\Unique</Filter>
    </ClInclude>
    <ClInclude Include="OutputSystemClient.h">
      <Filter>Header Files\Systems\Unique</Filter>
    </ClInclude>
    <ClInclude Include="ClientSystem.h">
      <Filter>Header Files\Systems\Unique</Filter>
    </ClInclude>
    <ClInclude Include="InputSystem.h">
      <Filter>Header Files\Systems\Unique</Filter>
    </ClInclude>
    <ClInclude Include="HealthSystemClient.h">
      <Filter>Header Files\Systems\Shared</Filter>
    </ClInclude>
    <ClInclude Include="RemotePlayerWeaponSystem.h">
      <Filter>Header Files\Systems\Shared</Filter>
    </ClInclude>
  </ItemGroup>
</Project>