<?xml version="1.0" encoding="utf-8"?>
<Project ToolsVersion="4.0" xmlns="http://schemas.microsoft.com/developer/msbuild/2003">
  <ItemGroup>
    <Filter Include="Header Files">
      <UniqueIdentifier>{93995380-89BD-4b04-88EB-625FBE52EBFB}</UniqueIdentifier>
      <Extensions>h;hh;hpp;hxx;hm;inl;inc;ipp;xsd</Extensions>
    </Filter>
    <Filter Include="Header Files\Components">
      <UniqueIdentifier>{c32f65b7-1915-4c7a-8b50-e42faa24203b}</UniqueIdentifier>
    </Filter>
    <Filter Include="Header Files\Systems">
      <UniqueIdentifier>{001e997d-c46d-467d-ab16-20b2712994e6}</UniqueIdentifier>
    </Filter>
    <Filter Include="Header Files\States">
      <UniqueIdentifier>{a37ce05d-0495-4604-b6df-aa67e52ceb80}</UniqueIdentifier>
    </Filter>
    <Filter Include="Header Files\Networking">
      <UniqueIdentifier>{61016cfe-7022-4fe0-a644-5f35b6152c39}</UniqueIdentifier>
    </Filter>
    <Filter Include="Source Files">
      <UniqueIdentifier>{4FC737F1-C7A5-4376-A066-2A32D752A2FF}</UniqueIdentifier>
      <Extensions>cpp;c;cc;cxx;def;odl;idl;hpj;bat;asm;asmx</Extensions>
    </Filter>
    <Filter Include="Source Files\Systems">
      <UniqueIdentifier>{71e82d3a-e526-441d-b64e-6ee7fa94c189}</UniqueIdentifier>
    </Filter>
    <Filter Include="Source Files\States">
      <UniqueIdentifier>{5c4e7fd5-d843-45eb-a7fa-62c6f38c9dc1}</UniqueIdentifier>
    </Filter>
    <Filter Include="Source Files\Networking">
      <UniqueIdentifier>{85c3aafd-a2f1-4319-bdec-ef29a9e44590}</UniqueIdentifier>
    </Filter>
    <Filter Include="Resource Files">
      <UniqueIdentifier>{67DA6AB6-F800-4c08-8B7A-83BB121AAD01}</UniqueIdentifier>
      <Extensions>rc;ico;cur;bmp;dlg;rc2;rct;bin;rgs;gif;jpg;jpeg;jpe;resx;tiff;tif;png;wav;mfcribbon-ms</Extensions>
    </Filter>
    <Filter Include="Source Files\Components">
      <UniqueIdentifier>{c6c5bf1a-ae10-4d05-ad4c-d930110ddd8b}</UniqueIdentifier>
    </Filter>
  </ItemGroup>
  <ItemGroup>
    <ClCompile Include="Main.cpp">
      <Filter>Source Files</Filter>
    </ClCompile>
    <ClCompile Include="GameplayState.cpp">
      <Filter>Source Files\States</Filter>
    </ClCompile>
    <ClCompile Include="ClientSystem.cpp">
      <Filter>Source Files\Systems</Filter>
    </ClCompile>
    <ClCompile Include="pch.cpp">
      <Filter>Source Files</Filter>
    </ClCompile>
    <ClCompile Include="SingletonInputComponent.cpp">
      <Filter>Source Files\Components</Filter>
    </ClCompile>
    <ClCompile Include="ReplicationManagerClient.cpp">
      <Filter>Source Files\Networking</Filter>
    </ClCompile>
    <ClCompile Include="InputSystemClient.cpp">
      <Filter>Source Files\Systems</Filter>
    </ClCompile>
    <ClCompile Include="GameClient.cpp">
      <Filter>Source Files</Filter>
    </ClCompile>
  </ItemGroup>
  <ItemGroup>
    <ClInclude Include="GameplayState.h">
      <Filter>Header Files\States</Filter>
    </ClInclude>
    <ClInclude Include="ClientSystem.h">
      <Filter>Header Files\Systems</Filter>
    </ClInclude>
    <ClInclude Include="SingletonClientComponent.h">
      <Filter>Header Files\Components</Filter>
    </ClInclude>
    <ClInclude Include="pch.h">
      <Filter>Header Files</Filter>
    </ClInclude>
    <ClInclude Include="SingletonInputComponent.h">
      <Filter>Header Files\Components</Filter>
    </ClInclude>
    <ClInclude Include="ReplicationManagerClient.h">
      <Filter>Header Files\Networking</Filter>
    </ClInclude>
    <ClInclude Include="InputSystemClient.h">
      <Filter>Header Files\Systems</Filter>
    </ClInclude>
    <ClInclude Include="GameClient.h">
      <Filter>Header Files</Filter>
    </ClInclude>
  </ItemGroup>
</Project>