<?xml version="1.0" encoding="utf-8"?>
<Project ToolsVersion="4.0" xmlns="http://schemas.microsoft.com/developer/msbuild/2003">
  <ItemGroup>
    <Filter Include="Archivos de origen">
      <UniqueIdentifier>{4FC737F1-C7A5-4376-A066-2A32D752A2FF}</UniqueIdentifier>
      <Extensions>cpp;c;cc;cxx;def;odl;idl;hpj;bat;asm;asmx</Extensions>
    </Filter>
    <Filter Include="Archivos de encabezado">
      <UniqueIdentifier>{93995380-89BD-4b04-88EB-625FBE52EBFB}</UniqueIdentifier>
      <Extensions>h;hh;hpp;hxx;hm;inl;inc;ipp;xsd</Extensions>
    </Filter>
    <Filter Include="Archivos de recursos">
      <UniqueIdentifier>{67DA6AB6-F800-4c08-8B7A-83BB121AAD01}</UniqueIdentifier>
      <Extensions>rc;ico;cur;bmp;dlg;rc2;rct;bin;rgs;gif;jpg;jpeg;jpe;resx;tiff;tif;png;wav;mfcribbon-ms</Extensions>
    </Filter>
    <Filter Include="Archivos de encabezado\Resources">
      <UniqueIdentifier>{850048db-cc68-4522-b2c9-a75f6fd31421}</UniqueIdentifier>
    </Filter>
    <Filter Include="Archivos de origen\Resources">
      <UniqueIdentifier>{03e4cc79-12b1-4178-bb09-1de53efed2c7}</UniqueIdentifier>
    </Filter>
    <Filter Include="Archivos de encabezado\Components">
      <UniqueIdentifier>{c32f65b7-1915-4c7a-8b50-e42faa24203b}</UniqueIdentifier>
    </Filter>
    <Filter Include="Archivos de encabezado\Systems">
      <UniqueIdentifier>{001e997d-c46d-467d-ab16-20b2712994e6}</UniqueIdentifier>
    </Filter>
    <Filter Include="Archivos de origen\Systems">
      <UniqueIdentifier>{71e82d3a-e526-441d-b64e-6ee7fa94c189}</UniqueIdentifier>
    </Filter>
    <Filter Include="Archivos de encabezado\Utils">
      <UniqueIdentifier>{c520c5ce-94cc-4c87-b35a-2017b9793ea9}</UniqueIdentifier>
    </Filter>
    <Filter Include="Archivos de encabezado\Entities">
      <UniqueIdentifier>{0bca8c02-7383-4f53-8706-0dc3ac381b49}</UniqueIdentifier>
    </Filter>
    <Filter Include="Archivos de origen\Utils">
      <UniqueIdentifier>{3e7948c3-1a3e-4ccb-9b4f-64f3b487ebce}</UniqueIdentifier>
    </Filter>
    <Filter Include="Archivos de origen\Components">
      <UniqueIdentifier>{641fca38-d5e5-4f07-92a0-49ff484314cd}</UniqueIdentifier>
    </Filter>
    <Filter Include="Archivos de origen\Entities">
      <UniqueIdentifier>{7c6bc204-36d6-4591-90b6-be4449d53e62}</UniqueIdentifier>
    </Filter>
    <Filter Include="Archivos de encabezado\States">
      <UniqueIdentifier>{a37ce05d-0495-4604-b6df-aa67e52ceb80}</UniqueIdentifier>
    </Filter>
    <Filter Include="Archivos de origen\Events">
      <UniqueIdentifier>{b36a38dc-2445-48ac-acc1-362df8ce2830}</UniqueIdentifier>
    </Filter>
    <Filter Include="Archivos de encabezado\Events">
      <UniqueIdentifier>{bad021f6-e29b-47e8-b41e-6c9080fd95d2}</UniqueIdentifier>
    </Filter>
    <Filter Include="Archivos de origen\States">
      <UniqueIdentifier>{5c4e7fd5-d843-45eb-a7fa-62c6f38c9dc1}</UniqueIdentifier>
    </Filter>
    <Filter Include="Archivos de encabezado\Networking">
      <UniqueIdentifier>{61016cfe-7022-4fe0-a644-5f35b6152c39}</UniqueIdentifier>
    </Filter>
    <Filter Include="Archivos de origen\Networking">
      <UniqueIdentifier>{85c3aafd-a2f1-4319-bdec-ef29a9e44590}</UniqueIdentifier>
    </Filter>
  </ItemGroup>
  <ItemGroup>
    <ClCompile Include="Main.cpp">
      <Filter>Archivos de origen</Filter>
    </ClCompile>
    <ClCompile Include="ResourceTexture.cpp">
      <Filter>Archivos de origen\Resources</Filter>
    </ClCompile>
    <ClCompile Include="Resource.cpp">
      <Filter>Archivos de origen\Resources</Filter>
    </ClCompile>
    <ClCompile Include="GameplayState.cpp">
      <Filter>Archivos de origen\States</Filter>
    </ClCompile>
    <ClCompile Include="Game.cpp">
      <Filter>Archivos de origen</Filter>
    </ClCompile>
    <ClCompile Include="RendererSystem.cpp">
      <Filter>Archivos de origen\Systems</Filter>
    </ClCompile>
    <ClCompile Include="Colors.cpp">
      <Filter>Archivos de origen\Utils</Filter>
    </ClCompile>
    <ClCompile Include="DebugDrawer.cpp">
      <Filter>Archivos de origen\Utils</Filter>
    </ClCompile>
    <ClCompile Include="InputSystem.cpp">
      <Filter>Archivos de origen\Systems</Filter>
    </ClCompile>
    <ClCompile Include="System.cpp">
      <Filter>Archivos de origen\Systems</Filter>
    </ClCompile>
    <ClCompile Include="SingletonInputComponent.cpp">
      <Filter>Archivos de origen\Components</Filter>
    </ClCompile>
    <ClCompile Include="WindowSystem.cpp">
      <Filter>Archivos de origen\Systems</Filter>
    </ClCompile>
    <ClCompile Include="ComponentManager.cpp">
      <Filter>Archivos de origen\Components</Filter>
    </ClCompile>
    <ClCompile Include="EntityManager.cpp">
      <Filter>Archivos de origen\Entities</Filter>
    </ClCompile>
    <ClCompile Include="SystemManager.cpp">
      <Filter>Archivos de origen\Systems</Filter>
    </ClCompile>
    <ClCompile Include="Subject.cpp">
      <Filter>Archivos de origen\Events</Filter>
    </ClCompile>
    <ClCompile Include="ClientSystem.cpp">
      <Filter>Archivos de origen\Systems</Filter>
    </ClCompile>
    <ClCompile Include="pch.cpp">
      <Filter>Archivos de origen</Filter>
    </ClCompile>
    <ClCompile Include="MemoryStream.cpp">
      <Filter>Archivos de origen\Networking</Filter>
    </ClCompile>
    <ClCompile Include="LinkingContext.cpp">
      <Filter>Archivos de origen\Networking</Filter>
    </ClCompile>
    <ClCompile Include="ReplicationManager.cpp">
      <Filter>Archivos de origen\Networking</Filter>
    </ClCompile>
    <ClCompile Include="ResourceManager.cpp">
      <Filter>Archivos de origen\Resources</Filter>
    </ClCompile>
    <ClCompile Include="TextureImporter.cpp">
      <Filter>Archivos de origen\Resources</Filter>
    </ClCompile>
    <ClCompile Include="FSM.cpp">
      <Filter>Archivos de origen\States</Filter>
    </ClCompile>
  </ItemGroup>
  <ItemGroup>
    <ClInclude Include="ResourceTexture.h">
      <Filter>Archivos de encabezado\Resources</Filter>
    </ClInclude>
    <ClInclude Include="Resource.h">
      <Filter>Archivos de encabezado\Resources</Filter>
    </ClInclude>
    <ClInclude Include="GameplayState.h">
      <Filter>Archivos de encabezado\States</Filter>
    </ClInclude>
    <ClInclude Include="Game.h">
      <Filter>Archivos de encabezado</Filter>
    </ClInclude>
    <ClInclude Include="ComponentDefs.h">
      <Filter>Archivos de encabezado\Components</Filter>
    </ClInclude>
    <ClInclude Include="System.h">
      <Filter>Archivos de encabezado\Systems</Filter>
    </ClInclude>
    <ClInclude Include="RendererSystem.h">
      <Filter>Archivos de encabezado\Systems</Filter>
    </ClInclude>
    <ClInclude Include="SpriteComponent.h">
      <Filter>Archivos de encabezado\Components</Filter>
    </ClInclude>
    <ClInclude Include="TransformComponent.h">
      <Filter>Archivos de encabezado\Components</Filter>
    </ClInclude>
    <ClInclude Include="Colors.h">
      <Filter>Archivos de encabezado\Utils</Filter>
    </ClInclude>
    <ClInclude Include="DebugDrawer.h">
      <Filter>Archivos de encabezado\Utils</Filter>
    </ClInclude>
    <ClInclude Include="EntityDefs.h">
      <Filter>Archivos de encabezado\Entities</Filter>
    </ClInclude>
    <ClInclude Include="EntityManager.h">
      <Filter>Archivos de encabezado\Entities</Filter>
    </ClInclude>
    <ClInclude Include="SystemDefs.h">
      <Filter>Archivos de encabezado\Systems</Filter>
    </ClInclude>
    <ClInclude Include="InputSystem.h">
      <Filter>Archivos de encabezado\Systems</Filter>
    </ClInclude>
    <ClInclude Include="SingletonInputComponent.h">
      <Filter>Archivos de encabezado\Components</Filter>
    </ClInclude>
    <ClInclude Include="SingletonRendererComponent.h">
      <Filter>Archivos de encabezado\Components</Filter>
    </ClInclude>
    <ClInclude Include="WindowSystem.h">
      <Filter>Archivos de encabezado\Systems</Filter>
    </ClInclude>
    <ClInclude Include="SingletonWindowComponent.h">
      <Filter>Archivos de encabezado\Components</Filter>
    </ClInclude>
    <ClInclude Include="SystemManager.h">
      <Filter>Archivos de encabezado\Systems</Filter>
    </ClInclude>
    <ClInclude Include="ComponentManager.h">
      <Filter>Archivos de encabezado\Components</Filter>
    </ClInclude>
    <ClInclude Include="ResourceDefs.h">
      <Filter>Archivos de encabezado\Resources</Filter>
    </ClInclude>
    <ClInclude Include="StateDefs.h">
      <Filter>Archivos de encabezado\States</Filter>
    </ClInclude>
    <ClInclude Include="State.h">
      <Filter>Archivos de encabezado\States</Filter>
    </ClInclude>
    <ClInclude Include="Observer.h">
      <Filter>Archivos de encabezado\Events</Filter>
    </ClInclude>
    <ClInclude Include="Events.h">
      <Filter>Archivos de encabezado\Events</Filter>
    </ClInclude>
    <ClInclude Include="Subject.h">
      <Filter>Archivos de encabezado\Events</Filter>
    </ClInclude>
    <ClInclude Include="ClientSystem.h">
      <Filter>Archivos de encabezado\Systems</Filter>
    </ClInclude>
    <ClInclude Include="SingletonClientComponent.h">
      <Filter>Archivos de encabezado\Components</Filter>
    </ClInclude>
    <ClInclude Include="pch.h">
      <Filter>Archivos de encabezado</Filter>
    </ClInclude>
    <ClInclude Include="MemoryStream.h">
      <Filter>Archivos de encabezado\Networking</Filter>
    </ClInclude>
    <ClInclude Include="LinkingContext.h">
      <Filter>Archivos de encabezado\Networking</Filter>
    </ClInclude>
    <ClInclude Include="ReplicationManager.h">
      <Filter>Archivos de encabezado\Networking</Filter>
    </ClInclude>
    <ClInclude Include="NetComponent.h">
      <Filter>Archivos de encabezado\Components</Filter>
    </ClInclude>
    <ClInclude Include="NetworkingDefs.h">
      <Filter>Archivos de encabezado\Networking</Filter>
    </ClInclude>
    <ClInclude Include="SDLDefs.h">
      <Filter>Archivos de encabezado\Utils</Filter>
    </ClInclude>
    <ClInclude Include="ResourceManager.h">
      <Filter>Archivos de encabezado\Resources</Filter>
    </ClInclude>
    <ClInclude Include="TextureImporter.h">
      <Filter>Archivos de encabezado\Resources</Filter>
    </ClInclude>
    <ClInclude Include="WorkingDirDefs.h">
      <Filter>Archivos de encabezado\Utils</Filter>
    </ClInclude>
    <ClInclude Include="FSM.h">
      <Filter>Archivos de encabezado\States</Filter>
    </ClInclude>
  </ItemGroup>
</Project>