<?xml version="1.0" encoding="utf-8"?>
<Project ToolsVersion="4.0" xmlns="http://schemas.microsoft.com/developer/msbuild/2003">
  <ItemGroup>
    <Filter Include="Header Files">
      <UniqueIdentifier>{e97c61da-c8e9-4582-ba2c-bf9c2f16c9db}</UniqueIdentifier>
    </Filter>
    <Filter Include="Source Files">
      <UniqueIdentifier>{5a0d4e9f-cd42-45a9-8906-07f75f10a946}</UniqueIdentifier>
    </Filter>
    <Filter Include="Header Files\Networking">
      <UniqueIdentifier>{56467bc8-f112-469c-b8d4-25b446f74f58}</UniqueIdentifier>
    </Filter>
    <Filter Include="Header Files\Entities">
      <UniqueIdentifier>{37680639-5fe6-4756-9a74-7699fa3f108c}</UniqueIdentifier>
    </Filter>
    <Filter Include="Header Files\Components">
      <UniqueIdentifier>{9074983f-b1a2-4c3c-89ac-b7b8ab284892}</UniqueIdentifier>
    </Filter>
    <Filter Include="Header Files\Math">
      <UniqueIdentifier>{f2c29914-c5d0-4e81-b8e6-2ff86903d7ed}</UniqueIdentifier>
    </Filter>
    <Filter Include="Header Files\Systems">
      <UniqueIdentifier>{38fbaebd-5eed-4171-a96b-7d32d896b324}</UniqueIdentifier>
    </Filter>
    <Filter Include="Source Files\Components">
      <UniqueIdentifier>{c090c081-49fd-4908-afb2-fb54879115a9}</UniqueIdentifier>
    </Filter>
    <Filter Include="Source Files\Entities">
      <UniqueIdentifier>{1bd559cf-bed6-4a75-9470-32a7e577ff46}</UniqueIdentifier>
    </Filter>
    <Filter Include="Source Files\Networking">
      <UniqueIdentifier>{5ed9b249-7fef-4202-adec-463a6da25a40}</UniqueIdentifier>
    </Filter>
    <Filter Include="Source Files\Systems">
      <UniqueIdentifier>{3d4ec57f-5aeb-4a0c-8112-4bea10c82052}</UniqueIdentifier>
    </Filter>
    <Filter Include="Header Files\Utils">
      <UniqueIdentifier>{383aca20-658c-49cf-8f0e-f68cb547a30b}</UniqueIdentifier>
    </Filter>
    <Filter Include="Source Files\Utils">
      <UniqueIdentifier>{c51b8606-c6d6-48ea-b06c-e399096b3d5b}</UniqueIdentifier>
    </Filter>
    <Filter Include="Header Files\Events">
      <UniqueIdentifier>{6215546c-bd86-4b3a-b759-f2582e04531b}</UniqueIdentifier>
    </Filter>
    <Filter Include="Source Files\Events">
      <UniqueIdentifier>{c1f6a3d1-a180-4da8-86c3-ac9ff6af25dc}</UniqueIdentifier>
    </Filter>
    <Filter Include="Header Files\Resources">
      <UniqueIdentifier>{4dfc070f-2d40-465d-83f3-59fb0222c9e2}</UniqueIdentifier>
    </Filter>
    <Filter Include="Source Files\Resources">
      <UniqueIdentifier>{c7b9df43-3b88-4531-b7d8-42e46d385f4e}</UniqueIdentifier>
    </Filter>
    <Filter Include="Header Files\States">
      <UniqueIdentifier>{337dd0d4-62ef-44b9-bcd0-8064bf4df255}</UniqueIdentifier>
    </Filter>
    <Filter Include="Source Files\States">
      <UniqueIdentifier>{26f6fd04-ba41-4008-9dcb-ccbf67a9d151}</UniqueIdentifier>
    </Filter>
    <Filter Include="Header Files\Panels">
      <UniqueIdentifier>{94535bdc-8bd4-4411-8f6f-35324f52ef2d}</UniqueIdentifier>
    </Filter>
    <Filter Include="Source Files\Panels">
      <UniqueIdentifier>{224d56b5-7bb0-471b-98e3-2fff23157bed}</UniqueIdentifier>
    </Filter>
    <Filter Include="Source Files\Panels\Settings">
      <UniqueIdentifier>{5b2a61de-af74-463f-953f-c75bab19e001}</UniqueIdentifier>
    </Filter>
    <Filter Include="Source Files\Panels\Debug Options">
      <UniqueIdentifier>{e8b13cb1-897f-44cb-9317-21fc780c7f22}</UniqueIdentifier>
    </Filter>
    <Filter Include="Header Files\Panels\Settings">
      <UniqueIdentifier>{0c6e1e24-198f-4934-979c-bf6d175edb7b}</UniqueIdentifier>
    </Filter>
    <Filter Include="Header Files\Panels\Debug Options">
      <UniqueIdentifier>{5e89874d-83d1-4465-8be8-b8686785f9da}</UniqueIdentifier>
    </Filter>
    <Filter Include="Header Files\Components\Entity Components">
      <UniqueIdentifier>{718e6194-8d43-46ab-a16b-3e75b8c8ac6f}</UniqueIdentifier>
    </Filter>
    <Filter Include="Header Files\Components\System Components">
      <UniqueIdentifier>{0c076470-13f2-40a3-a452-3283fb30e091}</UniqueIdentifier>
    </Filter>
    <Filter Include="Header Files\Resources\Resources">
      <UniqueIdentifier>{3c96b3c4-4346-4bd0-8965-3e73cf511aad}</UniqueIdentifier>
    </Filter>
    <Filter Include="Header Files\Resources\Importers">
      <UniqueIdentifier>{0972d3bd-9d44-4252-9ed0-33be6aaf602b}</UniqueIdentifier>
    </Filter>
    <Filter Include="Source Files\Components\Entity Components">
      <UniqueIdentifier>{8b345871-9048-4fc2-8c14-39bb784c2338}</UniqueIdentifier>
    </Filter>
    <Filter Include="Source Files\Components\System Components">
      <UniqueIdentifier>{d6c17e68-d171-4c2a-b432-e0375c1a478b}</UniqueIdentifier>
    </Filter>
    <Filter Include="Source Files\Resources\Importers">
      <UniqueIdentifier>{ebb70d17-ab44-46de-af34-9e1ac447b087}</UniqueIdentifier>
    </Filter>
    <Filter Include="Source Files\Resources\Resources">
      <UniqueIdentifier>{14465402-cfbe-491b-aa1c-27abadb67d1f}</UniqueIdentifier>
    </Filter>
    <Filter Include="Source Files\Systems\Unique">
      <UniqueIdentifier>{82e15572-71c6-433f-b938-603525e98917}</UniqueIdentifier>
    </Filter>
    <Filter Include="Source Files\Systems\Shared">
      <UniqueIdentifier>{a715b053-dc8a-4fad-b774-846d6837a826}</UniqueIdentifier>
    </Filter>
    <Filter Include="Header Files\Systems\Unique">
      <UniqueIdentifier>{ed66fbfb-2826-4b73-9c4c-c2d97d76c26d}</UniqueIdentifier>
    </Filter>
    <Filter Include="Header Files\Systems\Shared">
      <UniqueIdentifier>{1ff7f8a8-7c98-49aa-b596-a4acff2b692d}</UniqueIdentifier>
    </Filter>
  </ItemGroup>
  <ItemGroup>
    <ClInclude Include="$(MSBuildThisFileDirectory)ByteSwap.h">
      <Filter>Header Files\Networking</Filter>
    </ClInclude>
    <ClInclude Include="$(MSBuildThisFileDirectory)EntityDefs.h">
      <Filter>Header Files\Entities</Filter>
    </ClInclude>
    <ClInclude Include="$(MSBuildThisFileDirectory)Log.h">
      <Filter>Header Files\Utils</Filter>
    </ClInclude>
    <ClInclude Include="$(MSBuildThisFileDirectory)Memory.h">
      <Filter>Header Files\Utils</Filter>
    </ClInclude>
    <ClInclude Include="$(MSBuildThisFileDirectory)NetDefs.h">
      <Filter>Header Files\Networking</Filter>
    </ClInclude>
    <ClInclude Include="$(MSBuildThisFileDirectory)Observer.h">
      <Filter>Header Files\Events</Filter>
    </ClInclude>
    <ClInclude Include="$(MSBuildThisFileDirectory)SocketAddress.h">
      <Filter>Header Files\Networking</Filter>
    </ClInclude>
    <ClInclude Include="$(MSBuildThisFileDirectory)Subject.h">
      <Filter>Header Files\Events</Filter>
    </ClInclude>
    <ClInclude Include="$(MSBuildThisFileDirectory)UDPSocket.h">
      <Filter>Header Files\Networking</Filter>
    </ClInclude>
    <ClInclude Include="$(MSBuildThisFileDirectory)Utils.h">
      <Filter>Header Files\Utils</Filter>
    </ClInclude>
    <ClInclude Include="$(MSBuildThisFileDirectory)Events.h">
      <Filter>Header Files\Events</Filter>
    </ClInclude>
    <ClInclude Include="$(MSBuildThisFileDirectory)ComponentDefs.h">
      <Filter>Header Files\Components</Filter>
    </ClInclude>
    <ClInclude Include="$(MSBuildThisFileDirectory)ComponentManager.h">
      <Filter>Header Files\Components</Filter>
    </ClInclude>
    <ClInclude Include="$(MSBuildThisFileDirectory)EntityManager.h">
      <Filter>Header Files\Entities</Filter>
    </ClInclude>
    <ClInclude Include="$(MSBuildThisFileDirectory)ComponentTypes.h">
      <Filter>Header Files\Components</Filter>
    </ClInclude>
    <ClInclude Include="$(MSBuildThisFileDirectory)System.h">
      <Filter>Header Files\Systems</Filter>
    </ClInclude>
    <ClInclude Include="$(MSBuildThisFileDirectory)SystemDefs.h">
      <Filter>Header Files\Systems</Filter>
    </ClInclude>
    <ClInclude Include="$(MSBuildThisFileDirectory)SystemManager.h">
      <Filter>Header Files\Systems</Filter>
    </ClInclude>
    <ClInclude Include="$(MSBuildThisFileDirectory)SystemTypes.h">
      <Filter>Header Files\Systems</Filter>
    </ClInclude>
    <ClInclude Include="$(MSBuildThisFileDirectory)EventTypes.h">
      <Filter>Header Files\Events</Filter>
    </ClInclude>
    <ClInclude Include="$(MSBuildThisFileDirectory)MessageTypes.h">
      <Filter>Header Files\Networking</Filter>
    </ClInclude>
    <ClInclude Include="$(MSBuildThisFileDirectory)ReplicationCommand.h">
      <Filter>Header Files\Networking</Filter>
    </ClInclude>
    <ClInclude Include="$(MSBuildThisFileDirectory)LinkingContext.h">
      <Filter>Header Files\Networking</Filter>
    </ClInclude>
    <ClInclude Include="$(MSBuildThisFileDirectory)Resource.h">
      <Filter>Header Files\Resources</Filter>
    </ClInclude>
    <ClInclude Include="$(MSBuildThisFileDirectory)ResourceDefs.h">
      <Filter>Header Files\Resources</Filter>
    </ClInclude>
    <ClInclude Include="$(MSBuildThisFileDirectory)ResourceManager.h">
      <Filter>Header Files\Resources</Filter>
    </ClInclude>
    <ClInclude Include="$(MSBuildThisFileDirectory)FSM.h">
      <Filter>Header Files\States</Filter>
    </ClInclude>
    <ClInclude Include="$(MSBuildThisFileDirectory)State.h">
      <Filter>Header Files\States</Filter>
    </ClInclude>
    <ClInclude Include="$(MSBuildThisFileDirectory)Colors.h">
      <Filter>Header Files\Utils</Filter>
    </ClInclude>
    <ClInclude Include="$(MSBuildThisFileDirectory)Game.h">
      <Filter>Header Files</Filter>
    </ClInclude>
    <ClInclude Include="$(MSBuildThisFileDirectory)pch.h">
      <Filter>Header Files</Filter>
    </ClInclude>
    <ClInclude Include="$(MSBuildThisFileDirectory)AckRange.h">
      <Filter>Header Files\Networking</Filter>
    </ClInclude>
    <ClInclude Include="$(MSBuildThisFileDirectory)ReplicationActionTypes.h">
      <Filter>Header Files\Networking</Filter>
    </ClInclude>
    <ClInclude Include="$(MSBuildThisFileDirectory)NetUtils.h">
      <Filter>Header Files\Networking</Filter>
    </ClInclude>
    <ClInclude Include="$(MSBuildThisFileDirectory)ComponentMemberTypes.h">
      <Filter>Header Files\Components</Filter>
    </ClInclude>
    <ClInclude Include="$(MSBuildThisFileDirectory)Component.h">
      <Filter>Header Files\Components</Filter>
    </ClInclude>
    <ClInclude Include="$(MSBuildThisFileDirectory)Config.h">
      <Filter>Header Files</Filter>
    </ClInclude>
    <ClInclude Include="$(MSBuildThisFileDirectory)OutputMemoryStream.h">
      <Filter>Header Files\Networking</Filter>
    </ClInclude>
    <ClInclude Include="$(MSBuildThisFileDirectory)InputMemoryStream.h">
      <Filter>Header Files\Networking</Filter>
    </ClInclude>
    <ClInclude Include="$(MSBuildThisFileDirectory)NetworkableWriteObject.h">
      <Filter>Header Files\Networking</Filter>
    </ClInclude>
    <ClInclude Include="$(MSBuildThisFileDirectory)NetworkableReadObject.h">
      <Filter>Header Files\Networking</Filter>
    </ClInclude>
    <ClInclude Include="$(MSBuildThisFileDirectory)Input.h">
      <Filter>Header Files\Networking</Filter>
    </ClInclude>
    <ClInclude Include="$(MSBuildThisFileDirectory)CircularBuffer.h">
      <Filter>Header Files\Networking</Filter>
    </ClInclude>
    <ClInclude Include="$(MSBuildThisFileDirectory)Interpolation.h">
      <Filter>Header Files\Math</Filter>
    </ClInclude>
    <ClInclude Include="$(MSBuildThisFileDirectory)Transform.h">
      <Filter>Header Files\Networking</Filter>
    </ClInclude>
    <ClInclude Include="$(MSBuildThisFileDirectory)Random.h">
      <Filter>Header Files\Math</Filter>
    </ClInclude>
    <ClInclude Include="$(MSBuildThisFileDirectory)Shaders.h">
      <Filter>Header Files\Utils</Filter>
    </ClInclude>
    <ClInclude Include="$(MSBuildThisFileDirectory)FileSystem.h">
      <Filter>Header Files\Resources</Filter>
    </ClInclude>
    <ClInclude Include="$(MSBuildThisFileDirectory)MyTime.h">
      <Filter>Header Files\Utils</Filter>
    </ClInclude>
    <ClInclude Include="$(MSBuildThisFileDirectory)MyTimer.h">
      <Filter>Header Files\Utils</Filter>
    </ClInclude>
    <ClInclude Include="$(MSBuildThisFileDirectory)Layers.h">
      <Filter>Header Files\Utils</Filter>
    </ClInclude>
    <ClInclude Include="$(MSBuildThisFileDirectory)TCPSocket.h">
      <Filter>Header Files\Networking</Filter>
    </ClInclude>
    <ClInclude Include="$(MSBuildThisFileDirectory)StateDefs.h">
      <Filter>Header Files\States</Filter>
    </ClInclude>
    <ClInclude Include="$(MSBuildThisFileDirectory)StateTypes.h">
      <Filter>Header Files\States</Filter>
    </ClInclude>
    <ClInclude Include="$(MSBuildThisFileDirectory)Panel.h">
      <Filter>Header Files\Panels</Filter>
    </ClInclude>
    <ClInclude Include="$(MSBuildThisFileDirectory)PanelTypes.h">
      <Filter>Header Files\Panels</Filter>
    </ClInclude>
    <ClInclude Include="$(MSBuildThisFileDirectory)PanelDefs.h">
      <Filter>Header Files\Panels</Filter>
    </ClInclude>
    <ClInclude Include="$(MSBuildThisFileDirectory)GamePanel.h">
      <Filter>Header Files\Panels\Debug Options</Filter>
    </ClInclude>
    <ClInclude Include="$(MSBuildThisFileDirectory)StatesPanel.h">
      <Filter>Header Files\Panels\Debug Options</Filter>
    </ClInclude>
    <ClInclude Include="$(MSBuildThisFileDirectory)NetworkingPanel.h">
      <Filter>Header Files\Panels\Debug Options</Filter>
    </ClInclude>
    <ClInclude Include="$(MSBuildThisFileDirectory)DisplayPanel.h">
      <Filter>Header Files\Panels\Settings</Filter>
    </ClInclude>
    <ClInclude Include="$(MSBuildThisFileDirectory)GraphicsPanel.h">
      <Filter>Header Files\Panels\Debug Options</Filter>
    </ClInclude>
    <ClInclude Include="$(MSBuildThisFileDirectory)ColliderComponent.h">
      <Filter>Header Files\Components\Entity Components</Filter>
    </ClInclude>
    <ClInclude Include="$(MSBuildThisFileDirectory)EventComponent.h">
      <Filter>Header Files\Components\System Components</Filter>
    </ClInclude>
    <ClInclude Include="$(MSBuildThisFileDirectory)GameplayComponent.h">
      <Filter>Header Files\Components\System Components</Filter>
    </ClInclude>
    <ClInclude Include="$(MSBuildThisFileDirectory)GuiComponent.h">
      <Filter>Header Files\Components\System Components</Filter>
    </ClInclude>
    <ClInclude Include="$(MSBuildThisFileDirectory)HealthComponent.h">
      <Filter>Header Files\Components\Entity Components</Filter>
    </ClInclude>
    <ClInclude Include="$(MSBuildThisFileDirectory)InputComponent.h">
      <Filter>Header Files\Components\System Components</Filter>
    </ClInclude>
    <ClInclude Include="$(MSBuildThisFileDirectory)LabelComponent.h">
      <Filter>Header Files\Components\Entity Components</Filter>
    </ClInclude>
    <ClInclude Include="$(MSBuildThisFileDirectory)MainMenuComponent.h">
      <Filter>Header Files\Components\System Components</Filter>
    </ClInclude>
    <ClInclude Include="$(MSBuildThisFileDirectory)RendererComponent.h">
      <Filter>Header Files\Components\System Components</Filter>
    </ClInclude>
    <ClInclude Include="$(MSBuildThisFileDirectory)SpriteComponent.h">
      <Filter>Header Files\Components\Entity Components</Filter>
    </ClInclude>
    <ClInclude Include="$(MSBuildThisFileDirectory)TransformComponent.h">
      <Filter>Header Files\Components\Entity Components</Filter>
    </ClInclude>
    <ClInclude Include="$(MSBuildThisFileDirectory)WeaponComponent.h">
      <Filter>Header Files\Components\Entity Components</Filter>
    </ClInclude>
    <ClInclude Include="$(MSBuildThisFileDirectory)WindowComponent.h">
      <Filter>Header Files\Components\System Components</Filter>
    </ClInclude>
    <ClInclude Include="$(MSBuildThisFileDirectory)ScoreboardComponent.h">
      <Filter>Header Files\Components\System Components</Filter>
    </ClInclude>
    <ClInclude Include="$(MSBuildThisFileDirectory)MapImporter.h">
      <Filter>Header Files\Resources\Importers</Filter>
    </ClInclude>
    <ClInclude Include="$(MSBuildThisFileDirectory)ShaderImporter.h">
      <Filter>Header Files\Resources\Importers</Filter>
    </ClInclude>
    <ClInclude Include="$(MSBuildThisFileDirectory)TextureImporter.h">
      <Filter>Header Files\Resources\Importers</Filter>
    </ClInclude>
    <ClInclude Include="$(MSBuildThisFileDirectory)ShaderResource.h">
      <Filter>Header Files\Resources\Resources</Filter>
    </ClInclude>
    <ClInclude Include="$(MSBuildThisFileDirectory)SpriteResource.h">
      <Filter>Header Files\Resources\Resources</Filter>
    </ClInclude>
    <ClInclude Include="$(MSBuildThisFileDirectory)MeshResource.h">
      <Filter>Header Files\Resources\Resources</Filter>
    </ClInclude>
    <ClInclude Include="$(MSBuildThisFileDirectory)MeshImporter.h">
      <Filter>Header Files\Resources\Importers</Filter>
    </ClInclude>
    <ClInclude Include="$(MSBuildThisFileDirectory)EventSystem.h">
      <Filter>Header Files\Systems\Unique</Filter>
    </ClInclude>
    <ClInclude Include="$(MSBuildThisFileDirectory)GuiSystem.h">
      <Filter>Header Files\Systems\Unique</Filter>
    </ClInclude>
    <ClInclude Include="$(MSBuildThisFileDirectory)HUDSystem.h">
      <Filter>Header Files\Systems\Unique</Filter>
    </ClInclude>
    <ClInclude Include="$(MSBuildThisFileDirectory)RendererSystem.h">
      <Filter>Header Files\Systems\Unique</Filter>
    </ClInclude>
    <ClInclude Include="$(MSBuildThisFileDirectory)WindowSystem.h">
      <Filter>Header Files\Systems\Unique</Filter>
    </ClInclude>
    <ClInclude Include="$(MSBuildThisFileDirectory)WorkingDirDefs.h">
      <Filter>Header Files\Resources</Filter>
    </ClInclude>
    <ClInclude Include="$(MSBuildThisFileDirectory)BotComponent.h">
      <Filter>Header Files\Components\Entity Components</Filter>
    </ClInclude>
    <ClInclude Include="$(MSBuildThisFileDirectory)PhysicsSystem.h">
      <Filter>Header Files\Systems\Unique</Filter>
    </ClInclude>
    <ClInclude Include="$(MSBuildThisFileDirectory)PhysicsComponent.h">
      <Filter>Header Files\Components\System Components</Filter>
    </ClInclude>
    <ClInclude Include="$(MSBuildThisFileDirectory)RigidbodyComponent.h">
      <Filter>Header Files\Components\Entity Components</Filter>
    </ClInclude>
    <ClInclude Include="$(MSBuildThisFileDirectory)WallComponent.h">
      <Filter>Header Files\Components\Entity Components</Filter>
    </ClInclude>
    <ClInclude Include="$(MSBuildThisFileDirectory)SightComponent.h">
      <Filter>Header Files\Components\Entity Components</Filter>
    </ClInclude>
    <ClInclude Include="$(MSBuildThisFileDirectory)CollisionSystem.h">
      <Filter>Header Files\Systems\Shared</Filter>
    </ClInclude>
    <ClInclude Include="$(MSBuildThisFileDirectory)MovementSystem.h">
      <Filter>Header Files\Systems\Shared</Filter>
    </ClInclude>
    <ClInclude Include="$(MSBuildThisFileDirectory)WeaponSystem.h">
      <Filter>Header Files\Systems\Shared</Filter>
    </ClInclude>
    <ClInclude Include="$(MSBuildThisFileDirectory)SightSystem.h">
      <Filter>Header Files\Systems\Shared</Filter>
    </ClInclude>
    <ClInclude Include="$(MSBuildThisFileDirectory)AmmoSpawnerComponent.h">
      <Filter>Header Files\Components\Entity Components</Filter>
    </ClInclude>
    <ClInclude Include="$(MSBuildThisFileDirectory)BotSpawnerComponent.h" />
  </ItemGroup>
  <ItemGroup>
    <ClCompile Include="$(MSBuildThisFileDirectory)Log.cpp">
      <Filter>Source Files\Utils</Filter>
    </ClCompile>
    <ClCompile Include="$(MSBuildThisFileDirectory)SocketAddress.cpp">
      <Filter>Source Files\Networking</Filter>
    </ClCompile>
    <ClCompile Include="$(MSBuildThisFileDirectory)Subject.cpp">
      <Filter>Source Files\Events</Filter>
    </ClCompile>
    <ClCompile Include="$(MSBuildThisFileDirectory)UDPSocket.cpp">
      <Filter>Source Files\Networking</Filter>
    </ClCompile>
    <ClCompile Include="$(MSBuildThisFileDirectory)ComponentManager.cpp">
      <Filter>Source Files\Components</Filter>
    </ClCompile>
    <ClCompile Include="$(MSBuildThisFileDirectory)EntityManager.cpp">
      <Filter>Source Files\Entities</Filter>
    </ClCompile>
    <ClCompile Include="$(MSBuildThisFileDirectory)System.cpp">
      <Filter>Source Files\Systems</Filter>
    </ClCompile>
    <ClCompile Include="$(MSBuildThisFileDirectory)SystemManager.cpp">
      <Filter>Source Files\Systems</Filter>
    </ClCompile>
    <ClCompile Include="$(MSBuildThisFileDirectory)ReplicationCommand.cpp">
      <Filter>Source Files\Networking</Filter>
    </ClCompile>
    <ClCompile Include="$(MSBuildThisFileDirectory)LinkingContext.cpp">
      <Filter>Source Files\Networking</Filter>
    </ClCompile>
    <ClCompile Include="$(MSBuildThisFileDirectory)Resource.cpp">
      <Filter>Source Files\Resources</Filter>
    </ClCompile>
    <ClCompile Include="$(MSBuildThisFileDirectory)ResourceManager.cpp">
      <Filter>Source Files\Resources</Filter>
    </ClCompile>
    <ClCompile Include="$(MSBuildThisFileDirectory)FSM.cpp">
      <Filter>Source Files\States</Filter>
    </ClCompile>
    <ClCompile Include="$(MSBuildThisFileDirectory)Colors.cpp">
      <Filter>Source Files\Utils</Filter>
    </ClCompile>
    <ClCompile Include="$(MSBuildThisFileDirectory)Game.cpp">
      <Filter>Source Files</Filter>
    </ClCompile>
    <ClCompile Include="$(MSBuildThisFileDirectory)AckRange.cpp">
      <Filter>Source Files\Networking</Filter>
    </ClCompile>
    <ClCompile Include="$(MSBuildThisFileDirectory)Component.cpp">
      <Filter>Source Files\Components</Filter>
    </ClCompile>
    <ClCompile Include="$(MSBuildThisFileDirectory)Config.cpp">
      <Filter>Source Files</Filter>
    </ClCompile>
    <ClCompile Include="$(MSBuildThisFileDirectory)OutputMemoryStream.cpp">
      <Filter>Source Files\Networking</Filter>
    </ClCompile>
    <ClCompile Include="$(MSBuildThisFileDirectory)InputMemoryStream.cpp">
      <Filter>Source Files\Networking</Filter>
    </ClCompile>
    <ClCompile Include="$(MSBuildThisFileDirectory)Input.cpp">
      <Filter>Source Files\Networking</Filter>
    </ClCompile>
    <ClCompile Include="$(MSBuildThisFileDirectory)Transform.cpp">
      <Filter>Source Files\Networking</Filter>
    </ClCompile>
    <ClCompile Include="$(MSBuildThisFileDirectory)FileSystem.cpp">
      <Filter>Source Files\Resources</Filter>
    </ClCompile>
    <ClCompile Include="$(MSBuildThisFileDirectory)MyTimer.cpp">
      <Filter>Source Files\Utils</Filter>
    </ClCompile>
    <ClCompile Include="$(MSBuildThisFileDirectory)MyTime.cpp">
      <Filter>Source Files\Utils</Filter>
    </ClCompile>
    <ClCompile Include="$(MSBuildThisFileDirectory)TCPSocket.cpp">
      <Filter>Source Files\Networking</Filter>
    </ClCompile>
    <ClCompile Include="$(MSBuildThisFileDirectory)Panel.cpp">
      <Filter>Source Files\Panels</Filter>
    </ClCompile>
    <ClCompile Include="$(MSBuildThisFileDirectory)GamePanel.cpp">
      <Filter>Source Files\Panels\Debug Options</Filter>
    </ClCompile>
    <ClCompile Include="$(MSBuildThisFileDirectory)StatesPanel.cpp">
      <Filter>Source Files\Panels\Debug Options</Filter>
    </ClCompile>
    <ClCompile Include="$(MSBuildThisFileDirectory)NetworkingPanel.cpp">
      <Filter>Source Files\Panels\Debug Options</Filter>
    </ClCompile>
    <ClCompile Include="$(MSBuildThisFileDirectory)DisplayPanel.cpp">
      <Filter>Source Files\Panels\Settings</Filter>
    </ClCompile>
    <ClCompile Include="$(MSBuildThisFileDirectory)GraphicsPanel.cpp">
      <Filter>Source Files\Panels\Debug Options</Filter>
    </ClCompile>
    <ClCompile Include="$(MSBuildThisFileDirectory)ColliderComponent.cpp">
      <Filter>Source Files\Components\Entity Components</Filter>
    </ClCompile>
    <ClCompile Include="$(MSBuildThisFileDirectory)EventComponent.cpp">
      <Filter>Source Files\Components\System Components</Filter>
    </ClCompile>
    <ClCompile Include="$(MSBuildThisFileDirectory)GameplayComponent.cpp">
      <Filter>Source Files\Components\System Components</Filter>
    </ClCompile>
    <ClCompile Include="$(MSBuildThisFileDirectory)GuiComponent.cpp">
      <Filter>Source Files\Components\System Components</Filter>
    </ClCompile>
    <ClCompile Include="$(MSBuildThisFileDirectory)HealthComponent.cpp">
      <Filter>Source Files\Components\Entity Components</Filter>
    </ClCompile>
    <ClCompile Include="$(MSBuildThisFileDirectory)InputComponent.cpp">
      <Filter>Source Files\Components\System Components</Filter>
    </ClCompile>
    <ClCompile Include="$(MSBuildThisFileDirectory)LabelComponent.cpp">
      <Filter>Source Files\Components\Entity Components</Filter>
    </ClCompile>
    <ClCompile Include="$(MSBuildThisFileDirectory)MainMenuComponent.cpp">
      <Filter>Source Files\Components\System Components</Filter>
    </ClCompile>
    <ClCompile Include="$(MSBuildThisFileDirectory)RendererComponent.cpp">
      <Filter>Source Files\Components\System Components</Filter>
    </ClCompile>
    <ClCompile Include="$(MSBuildThisFileDirectory)ScoreboardComponent.cpp">
      <Filter>Source Files\Components\System Components</Filter>
    </ClCompile>
    <ClCompile Include="$(MSBuildThisFileDirectory)TransformComponent.cpp">
      <Filter>Source Files\Components\Entity Components</Filter>
    </ClCompile>
    <ClCompile Include="$(MSBuildThisFileDirectory)SpriteComponent.cpp">
      <Filter>Source Files\Components\Entity Components</Filter>
    </ClCompile>
    <ClCompile Include="$(MSBuildThisFileDirectory)WeaponComponent.cpp">
      <Filter>Source Files\Components\Entity Components</Filter>
    </ClCompile>
    <ClCompile Include="$(MSBuildThisFileDirectory)WindowComponent.cpp">
      <Filter>Source Files\Components\System Components</Filter>
    </ClCompile>
    <ClCompile Include="$(MSBuildThisFileDirectory)MapImporter.cpp">
      <Filter>Source Files\Resources\Importers</Filter>
    </ClCompile>
    <ClCompile Include="$(MSBuildThisFileDirectory)MeshImporter.cpp">
      <Filter>Source Files\Resources\Importers</Filter>
    </ClCompile>
    <ClCompile Include="$(MSBuildThisFileDirectory)MeshResource.cpp">
      <Filter>Source Files\Resources\Resources</Filter>
    </ClCompile>
    <ClCompile Include="$(MSBuildThisFileDirectory)ShaderImporter.cpp">
      <Filter>Source Files\Resources\Importers</Filter>
    </ClCompile>
    <ClCompile Include="$(MSBuildThisFileDirectory)ShaderResource.cpp">
      <Filter>Source Files\Resources\Resources</Filter>
    </ClCompile>
    <ClCompile Include="$(MSBuildThisFileDirectory)SpriteResource.cpp">
      <Filter>Source Files\Resources\Resources</Filter>
    </ClCompile>
    <ClCompile Include="$(MSBuildThisFileDirectory)TextureImporter.cpp">
      <Filter>Source Files\Resources\Importers</Filter>
    </ClCompile>
    <ClCompile Include="$(MSBuildThisFileDirectory)EventSystem.cpp">
      <Filter>Source Files\Systems\Unique</Filter>
    </ClCompile>
    <ClCompile Include="$(MSBuildThisFileDirectory)GuiSystem.cpp">
      <Filter>Source Files\Systems\Unique</Filter>
    </ClCompile>
    <ClCompile Include="$(MSBuildThisFileDirectory)HUDSystem.cpp">
      <Filter>Source Files\Systems\Unique</Filter>
    </ClCompile>
    <ClCompile Include="$(MSBuildThisFileDirectory)RendererSystem.cpp">
      <Filter>Source Files\Systems\Unique</Filter>
    </ClCompile>
    <ClCompile Include="$(MSBuildThisFileDirectory)WindowSystem.cpp">
      <Filter>Source Files\Systems\Unique</Filter>
    </ClCompile>
    <ClCompile Include="$(MSBuildThisFileDirectory)BotComponent.cpp">
      <Filter>Source Files\Components\Entity Components</Filter>
    </ClCompile>
    <ClCompile Include="$(MSBuildThisFileDirectory)PhysicsSystem.cpp">
      <Filter>Source Files\Systems\Unique</Filter>
    </ClCompile>
    <ClCompile Include="$(MSBuildThisFileDirectory)PhysicsComponent.cpp">
      <Filter>Source Files\Components\System Components</Filter>
    </ClCompile>
    <ClCompile Include="$(MSBuildThisFileDirectory)RigidbodyComponent.cpp">
      <Filter>Source Files\Components\Entity Components</Filter>
    </ClCompile>
    <ClCompile Include="$(MSBuildThisFileDirectory)WallComponent.cpp">
      <Filter>Source Files\Components\Entity Components</Filter>
    </ClCompile>
    <ClCompile Include="$(MSBuildThisFileDirectory)SightComponent.cpp">
      <Filter>Source Files\Components\Entity Components</Filter>
    </ClCompile>
    <ClCompile Include="$(MSBuildThisFileDirectory)SightSystem.cpp">
      <Filter>Source Files\Systems\Shared</Filter>
    </ClCompile>
    <ClCompile Include="$(MSBuildThisFileDirectory)MovementSystem.cpp">
      <Filter>Source Files\Systems\Shared</Filter>
    </ClCompile>
    <ClCompile Include="$(MSBuildThisFileDirectory)WeaponSystem.cpp">
      <Filter>Source Files\Systems\Shared</Filter>
    </ClCompile>
    <ClCompile Include="$(MSBuildThisFileDirectory)CollisionSystem.cpp">
      <Filter>Source Files\Systems\Shared</Filter>
    </ClCompile>
    <ClCompile Include="$(MSBuildThisFileDirectory)AmmoSpawnerComponent.cpp">
      <Filter>Source Files\Components\Entity Components</Filter>
    </ClCompile>
    <ClCompile Include="$(MSBuildThisFileDirectory)BotSpawnerComponent.cpp" />
  </ItemGroup>
</Project>