<?xml version="1.0" encoding="utf-8"?>
<Project ToolsVersion="4.0" xmlns="http://schemas.microsoft.com/developer/msbuild/2003">
  <ItemGroup>
    <Filter Include="Header Files">
      <UniqueIdentifier>{e97c61da-c8e9-4582-ba2c-bf9c2f16c9db}</UniqueIdentifier>
    </Filter>
    <Filter Include="Source Files">
      <UniqueIdentifier>{5a0d4e9f-cd42-45a9-8906-07f75f10a946}</UniqueIdentifier>
    </Filter>
    <Filter Include="Header Files\Networking">
      <UniqueIdentifier>{56467bc8-f112-469c-b8d4-25b446f74f58}</UniqueIdentifier>
    </Filter>
    <Filter Include="Header Files\Entities">
      <UniqueIdentifier>{37680639-5fe6-4756-9a74-7699fa3f108c}</UniqueIdentifier>
    </Filter>
    <Filter Include="Header Files\Components">
      <UniqueIdentifier>{9074983f-b1a2-4c3c-89ac-b7b8ab284892}</UniqueIdentifier>
    </Filter>
    <Filter Include="Header Files\Math">
      <UniqueIdentifier>{f2c29914-c5d0-4e81-b8e6-2ff86903d7ed}</UniqueIdentifier>
    </Filter>
    <Filter Include="Header Files\Systems">
      <UniqueIdentifier>{38fbaebd-5eed-4171-a96b-7d32d896b324}</UniqueIdentifier>
    </Filter>
    <Filter Include="Source Files\Components">
      <UniqueIdentifier>{c090c081-49fd-4908-afb2-fb54879115a9}</UniqueIdentifier>
    </Filter>
    <Filter Include="Source Files\Entities">
      <UniqueIdentifier>{1bd559cf-bed6-4a75-9470-32a7e577ff46}</UniqueIdentifier>
    </Filter>
    <Filter Include="Source Files\Math">
      <UniqueIdentifier>{1f17103c-7400-4185-bc79-fc55b7cce654}</UniqueIdentifier>
    </Filter>
    <Filter Include="Source Files\Networking">
      <UniqueIdentifier>{5ed9b249-7fef-4202-adec-463a6da25a40}</UniqueIdentifier>
    </Filter>
    <Filter Include="Source Files\Systems">
      <UniqueIdentifier>{3d4ec57f-5aeb-4a0c-8112-4bea10c82052}</UniqueIdentifier>
    </Filter>
    <Filter Include="Header Files\Utils">
      <UniqueIdentifier>{383aca20-658c-49cf-8f0e-f68cb547a30b}</UniqueIdentifier>
    </Filter>
    <Filter Include="Source Files\Utils">
      <UniqueIdentifier>{c51b8606-c6d6-48ea-b06c-e399096b3d5b}</UniqueIdentifier>
    </Filter>
    <Filter Include="Header Files\Events">
      <UniqueIdentifier>{6215546c-bd86-4b3a-b759-f2582e04531b}</UniqueIdentifier>
    </Filter>
    <Filter Include="Source Files\Events">
      <UniqueIdentifier>{c1f6a3d1-a180-4da8-86c3-ac9ff6af25dc}</UniqueIdentifier>
    </Filter>
    <Filter Include="Header Files\Resources">
      <UniqueIdentifier>{4dfc070f-2d40-465d-83f3-59fb0222c9e2}</UniqueIdentifier>
    </Filter>
    <Filter Include="Source Files\Resources">
      <UniqueIdentifier>{c7b9df43-3b88-4531-b7d8-42e46d385f4e}</UniqueIdentifier>
    </Filter>
    <Filter Include="Header Files\States">
      <UniqueIdentifier>{337dd0d4-62ef-44b9-bcd0-8064bf4df255}</UniqueIdentifier>
    </Filter>
    <Filter Include="Source Files\States">
      <UniqueIdentifier>{26f6fd04-ba41-4008-9dcb-ccbf67a9d151}</UniqueIdentifier>
    </Filter>
  </ItemGroup>
  <ItemGroup>
    <ClInclude Include="$(MSBuildThisFileDirectory)ByteSwap.h">
      <Filter>Header Files\Networking</Filter>
    </ClInclude>
    <ClInclude Include="$(MSBuildThisFileDirectory)EntityDefs.h">
      <Filter>Header Files\Entities</Filter>
    </ClInclude>
    <ClInclude Include="$(MSBuildThisFileDirectory)Log.h">
      <Filter>Header Files\Utils</Filter>
    </ClInclude>
    <ClInclude Include="$(MSBuildThisFileDirectory)Memory.h">
      <Filter>Header Files\Utils</Filter>
    </ClInclude>
    <ClInclude Include="$(MSBuildThisFileDirectory)MemoryStream.h">
      <Filter>Header Files\Networking</Filter>
    </ClInclude>
    <ClInclude Include="$(MSBuildThisFileDirectory)NetDefs.h">
      <Filter>Header Files\Networking</Filter>
    </ClInclude>
    <ClInclude Include="$(MSBuildThisFileDirectory)Observer.h">
      <Filter>Header Files\Events</Filter>
    </ClInclude>
    <ClInclude Include="$(MSBuildThisFileDirectory)SocketAddress.h">
      <Filter>Header Files\Networking</Filter>
    </ClInclude>
    <ClInclude Include="$(MSBuildThisFileDirectory)Subject.h">
      <Filter>Header Files\Events</Filter>
    </ClInclude>
    <ClInclude Include="$(MSBuildThisFileDirectory)Time.h">
      <Filter>Header Files\Utils</Filter>
    </ClInclude>
    <ClInclude Include="$(MSBuildThisFileDirectory)Timer.h">
      <Filter>Header Files\Utils</Filter>
    </ClInclude>
    <ClInclude Include="$(MSBuildThisFileDirectory)UDPSocket.h">
      <Filter>Header Files\Networking</Filter>
    </ClInclude>
    <ClInclude Include="$(MSBuildThisFileDirectory)Utils.h">
      <Filter>Header Files\Utils</Filter>
    </ClInclude>
    <ClInclude Include="$(MSBuildThisFileDirectory)Vec2.h">
      <Filter>Header Files\Math</Filter>
    </ClInclude>
    <ClInclude Include="$(MSBuildThisFileDirectory)Vec2I.h">
      <Filter>Header Files\Math</Filter>
    </ClInclude>
    <ClInclude Include="$(MSBuildThisFileDirectory)Vec3.h">
      <Filter>Header Files\Math</Filter>
    </ClInclude>
    <ClInclude Include="$(MSBuildThisFileDirectory)Events.h">
      <Filter>Header Files\Events</Filter>
    </ClInclude>
    <ClInclude Include="$(MSBuildThisFileDirectory)ComponentDefs.h">
      <Filter>Header Files\Components</Filter>
    </ClInclude>
    <ClInclude Include="$(MSBuildThisFileDirectory)ComponentManager.h">
      <Filter>Header Files\Components</Filter>
    </ClInclude>
    <ClInclude Include="$(MSBuildThisFileDirectory)EntityManager.h">
      <Filter>Header Files\Entities</Filter>
    </ClInclude>
    <ClInclude Include="$(MSBuildThisFileDirectory)ComponentTypes.h">
      <Filter>Header Files\Components</Filter>
    </ClInclude>
    <ClInclude Include="$(MSBuildThisFileDirectory)System.h">
      <Filter>Header Files\Systems</Filter>
    </ClInclude>
    <ClInclude Include="$(MSBuildThisFileDirectory)SystemDefs.h">
      <Filter>Header Files\Systems</Filter>
    </ClInclude>
    <ClInclude Include="$(MSBuildThisFileDirectory)SystemManager.h">
      <Filter>Header Files\Systems</Filter>
    </ClInclude>
    <ClInclude Include="$(MSBuildThisFileDirectory)SystemTypes.h">
      <Filter>Header Files\Systems</Filter>
    </ClInclude>
    <ClInclude Include="$(MSBuildThisFileDirectory)EventTypes.h">
      <Filter>Header Files\Events</Filter>
    </ClInclude>
    <ClInclude Include="$(MSBuildThisFileDirectory)MessageTypes.h">
      <Filter>Header Files\Networking</Filter>
    </ClInclude>
    <ClInclude Include="$(MSBuildThisFileDirectory)ReplicationCommand.h">
      <Filter>Header Files\Networking</Filter>
    </ClInclude>
    <ClInclude Include="$(MSBuildThisFileDirectory)LinkingContext.h">
      <Filter>Header Files\Networking</Filter>
    </ClInclude>
    <ClInclude Include="$(MSBuildThisFileDirectory)Move.h">
      <Filter>Header Files\Networking</Filter>
    </ClInclude>
    <ClInclude Include="$(MSBuildThisFileDirectory)TransformComponent.h">
      <Filter>Header Files\Components</Filter>
    </ClInclude>
    <ClInclude Include="$(MSBuildThisFileDirectory)InputComponent.h">
      <Filter>Header Files\Components</Filter>
    </ClInclude>
    <ClInclude Include="$(MSBuildThisFileDirectory)SingletonRendererComponent.h">
      <Filter>Header Files\Components</Filter>
    </ClInclude>
    <ClInclude Include="$(MSBuildThisFileDirectory)SingletonWindowComponent.h">
      <Filter>Header Files\Components</Filter>
    </ClInclude>
    <ClInclude Include="$(MSBuildThisFileDirectory)SpriteComponent.h">
      <Filter>Header Files\Components</Filter>
    </ClInclude>
    <ClInclude Include="$(MSBuildThisFileDirectory)Resource.h">
      <Filter>Header Files\Resources</Filter>
    </ClInclude>
    <ClInclude Include="$(MSBuildThisFileDirectory)ResourceDefs.h">
      <Filter>Header Files\Resources</Filter>
    </ClInclude>
    <ClInclude Include="$(MSBuildThisFileDirectory)ResourceManager.h">
      <Filter>Header Files\Resources</Filter>
    </ClInclude>
    <ClInclude Include="$(MSBuildThisFileDirectory)TextureImporter.h">
      <Filter>Header Files\Resources</Filter>
    </ClInclude>
    <ClInclude Include="$(MSBuildThisFileDirectory)FSM.h">
      <Filter>Header Files\States</Filter>
    </ClInclude>
    <ClInclude Include="$(MSBuildThisFileDirectory)State.h">
      <Filter>Header Files\States</Filter>
    </ClInclude>
    <ClInclude Include="$(MSBuildThisFileDirectory)StateDefs.h">
      <Filter>Header Files\States</Filter>
    </ClInclude>
    <ClInclude Include="$(MSBuildThisFileDirectory)Colors.h">
      <Filter>Header Files\Utils</Filter>
    </ClInclude>
    <ClInclude Include="$(MSBuildThisFileDirectory)DebugDrawer.h">
      <Filter>Header Files\Utils</Filter>
    </ClInclude>
    <ClInclude Include="$(MSBuildThisFileDirectory)SDLDefs.h">
      <Filter>Header Files\Utils</Filter>
    </ClInclude>
    <ClInclude Include="$(MSBuildThisFileDirectory)WorkingDirDefs.h">
      <Filter>Header Files\Utils</Filter>
    </ClInclude>
    <ClInclude Include="$(MSBuildThisFileDirectory)Game.h">
      <Filter>Header Files</Filter>
    </ClInclude>
    <ClInclude Include="$(MSBuildThisFileDirectory)EventSystem.h">
      <Filter>Header Files\Systems</Filter>
    </ClInclude>
    <ClInclude Include="$(MSBuildThisFileDirectory)RendererSystem.h">
      <Filter>Header Files\Systems</Filter>
    </ClInclude>
    <ClInclude Include="$(MSBuildThisFileDirectory)WindowSystem.h">
      <Filter>Header Files\Systems</Filter>
    </ClInclude>
    <ClInclude Include="$(MSBuildThisFileDirectory)pch.h">
      <Filter>Header Files</Filter>
    </ClInclude>
    <ClInclude Include="$(MSBuildThisFileDirectory)AckRange.h">
      <Filter>Header Files\Networking</Filter>
    </ClInclude>
    <ClInclude Include="$(MSBuildThisFileDirectory)ReplicationActionTypes.h">
      <Filter>Header Files\Networking</Filter>
    </ClInclude>
    <ClInclude Include="$(MSBuildThisFileDirectory)NetUtils.h">
      <Filter>Header Files\Networking</Filter>
    </ClInclude>
    <ClInclude Include="$(MSBuildThisFileDirectory)ComponentMemberTypes.h">
      <Filter>Header Files\Components</Filter>
    </ClInclude>
    <ClInclude Include="$(MSBuildThisFileDirectory)FontImporter.h">
      <Filter>Header Files\Resources</Filter>
    </ClInclude>
    <ClInclude Include="$(MSBuildThisFileDirectory)TextComponent.h">
      <Filter>Header Files\Components</Filter>
    </ClInclude>
    <ClInclude Include="$(MSBuildThisFileDirectory)SpriteResource.h">
      <Filter>Header Files\Resources</Filter>
    </ClInclude>
    <ClInclude Include="$(MSBuildThisFileDirectory)FontResource.h">
      <Filter>Header Files\Resources</Filter>
    </ClInclude>
    <ClInclude Include="$(MSBuildThisFileDirectory)TextResource.h">
      <Filter>Header Files\Resources</Filter>
    </ClInclude>
    <ClInclude Include="$(MSBuildThisFileDirectory)HUDSystem.h">
      <Filter>Header Files\Systems</Filter>
    </ClInclude>
    <ClInclude Include="$(MSBuildThisFileDirectory)ReceivedPacket.h">
      <Filter>Header Files\Networking</Filter>
    </ClInclude>
    <ClInclude Include="$(MSBuildThisFileDirectory)RandomNumberGenerator.h">
      <Filter>Header Files\Math</Filter>
    </ClInclude>
    <ClInclude Include="$(MSBuildThisFileDirectory)Component.h">
      <Filter>Header Files\Components</Filter>
    </ClInclude>
    <ClInclude Include="$(MSBuildThisFileDirectory)NetworkableObject.h">
      <Filter>Header Files\Networking</Filter>
    </ClInclude>
  </ItemGroup>
  <ItemGroup>
    <ClCompile Include="$(MSBuildThisFileDirectory)Log.cpp">
      <Filter>Source Files\Utils</Filter>
    </ClCompile>
    <ClCompile Include="$(MSBuildThisFileDirectory)MemoryStream.cpp">
      <Filter>Source Files\Networking</Filter>
    </ClCompile>
    <ClCompile Include="$(MSBuildThisFileDirectory)SocketAddress.cpp">
      <Filter>Source Files\Networking</Filter>
    </ClCompile>
    <ClCompile Include="$(MSBuildThisFileDirectory)Subject.cpp">
      <Filter>Source Files\Events</Filter>
    </ClCompile>
    <ClCompile Include="$(MSBuildThisFileDirectory)Time.cpp">
      <Filter>Source Files\Utils</Filter>
    </ClCompile>
    <ClCompile Include="$(MSBuildThisFileDirectory)Timer.cpp">
      <Filter>Source Files\Utils</Filter>
    </ClCompile>
    <ClCompile Include="$(MSBuildThisFileDirectory)UDPSocket.cpp">
      <Filter>Source Files\Networking</Filter>
    </ClCompile>
    <ClCompile Include="$(MSBuildThisFileDirectory)Vec2.cpp">
      <Filter>Source Files\Math</Filter>
    </ClCompile>
    <ClCompile Include="$(MSBuildThisFileDirectory)Vec2I.cpp">
      <Filter>Source Files\Math</Filter>
    </ClCompile>
    <ClCompile Include="$(MSBuildThisFileDirectory)Vec3.cpp">
      <Filter>Source Files\Math</Filter>
    </ClCompile>
    <ClCompile Include="$(MSBuildThisFileDirectory)ComponentManager.cpp">
      <Filter>Source Files\Components</Filter>
    </ClCompile>
    <ClCompile Include="$(MSBuildThisFileDirectory)EntityManager.cpp">
      <Filter>Source Files\Entities</Filter>
    </ClCompile>
    <ClCompile Include="$(MSBuildThisFileDirectory)System.cpp">
      <Filter>Source Files\Systems</Filter>
    </ClCompile>
    <ClCompile Include="$(MSBuildThisFileDirectory)SystemManager.cpp">
      <Filter>Source Files\Systems</Filter>
    </ClCompile>
    <ClCompile Include="$(MSBuildThisFileDirectory)ReplicationCommand.cpp">
      <Filter>Source Files\Networking</Filter>
    </ClCompile>
    <ClCompile Include="$(MSBuildThisFileDirectory)LinkingContext.cpp">
      <Filter>Source Files\Networking</Filter>
    </ClCompile>
    <ClCompile Include="$(MSBuildThisFileDirectory)Move.cpp">
      <Filter>Source Files\Networking</Filter>
    </ClCompile>
    <ClCompile Include="$(MSBuildThisFileDirectory)Resource.cpp">
      <Filter>Source Files\Resources</Filter>
    </ClCompile>
    <ClCompile Include="$(MSBuildThisFileDirectory)ResourceManager.cpp">
      <Filter>Source Files\Resources</Filter>
    </ClCompile>
    <ClCompile Include="$(MSBuildThisFileDirectory)TextureImporter.cpp">
      <Filter>Source Files\Resources</Filter>
    </ClCompile>
    <ClCompile Include="$(MSBuildThisFileDirectory)FSM.cpp">
      <Filter>Source Files\States</Filter>
    </ClCompile>
    <ClCompile Include="$(MSBuildThisFileDirectory)Colors.cpp">
      <Filter>Source Files\Utils</Filter>
    </ClCompile>
    <ClCompile Include="$(MSBuildThisFileDirectory)DebugDrawer.cpp">
      <Filter>Source Files\Utils</Filter>
    </ClCompile>
    <ClCompile Include="$(MSBuildThisFileDirectory)Game.cpp">
      <Filter>Source Files</Filter>
    </ClCompile>
    <ClCompile Include="$(MSBuildThisFileDirectory)EventSystem.cpp">
      <Filter>Source Files\Systems</Filter>
    </ClCompile>
    <ClCompile Include="$(MSBuildThisFileDirectory)RendererSystem.cpp">
      <Filter>Source Files\Systems</Filter>
    </ClCompile>
    <ClCompile Include="$(MSBuildThisFileDirectory)WindowSystem.cpp">
      <Filter>Source Files\Systems</Filter>
    </ClCompile>
    <ClCompile Include="$(MSBuildThisFileDirectory)pch.cpp">
      <Filter>Source Files</Filter>
    </ClCompile>
    <ClCompile Include="$(MSBuildThisFileDirectory)AckRange.cpp">
      <Filter>Source Files\Networking</Filter>
    </ClCompile>
    <ClCompile Include="$(MSBuildThisFileDirectory)FontImporter.cpp">
      <Filter>Source Files\Resources</Filter>
    </ClCompile>
    <ClCompile Include="$(MSBuildThisFileDirectory)SpriteComponent.cpp">
      <Filter>Source Files\Components</Filter>
    </ClCompile>
    <ClCompile Include="$(MSBuildThisFileDirectory)TextComponent.cpp">
      <Filter>Source Files\Components</Filter>
    </ClCompile>
    <ClCompile Include="$(MSBuildThisFileDirectory)TransformComponent.cpp">
      <Filter>Source Files\Components</Filter>
    </ClCompile>
    <ClCompile Include="$(MSBuildThisFileDirectory)InputComponent.cpp">
      <Filter>Source Files\Components</Filter>
    </ClCompile>
    <ClCompile Include="$(MSBuildThisFileDirectory)FontResource.cpp">
      <Filter>Source Files\Resources</Filter>
    </ClCompile>
    <ClCompile Include="$(MSBuildThisFileDirectory)SpriteResource.cpp">
      <Filter>Source Files\Resources</Filter>
    </ClCompile>
    <ClCompile Include="$(MSBuildThisFileDirectory)TextResource.cpp">
      <Filter>Source Files\Resources</Filter>
    </ClCompile>
    <ClCompile Include="$(MSBuildThisFileDirectory)HUDSystem.cpp">
      <Filter>Source Files\Systems</Filter>
    </ClCompile>
    <ClCompile Include="$(MSBuildThisFileDirectory)ReceivedPacket.cpp">
      <Filter>Source Files\Networking</Filter>
    </ClCompile>
    <ClCompile Include="$(MSBuildThisFileDirectory)Component.cpp">
      <Filter>Source Files\Components</Filter>
    </ClCompile>
  </ItemGroup>
</Project>