
Microsoft Visual Studio Solution File, Format Version 12.00
# Visual Studio Version 16
VisualStudioVersion = 16.0.29409.12
MinimumVisualStudioVersion = 10.0.40219.1
Project("{8BC9CEB8-8B4A-11D0-8D11-00A0C91BC942}") = "client", "src\client\client.vcxproj", "{50AA5DBE-79B7-4B0E-8D43-5A661C44965A}"
EndProject
Project("{8BC9CEB8-8B4A-11D0-8D11-00A0C91BC942}") = "server", "src\server\server.vcxproj", "{3226A0AE-857C-4EE5-B27B-5219157789CC}"
EndProject
Project("{8BC9CEB8-8B4A-11D0-8D11-00A0C91BC942}") = "shared", "src\shared\shared.vcxitems", "{C57E42E8-FAA7-47C3-A874-35E261F19D38}"
EndProject
Project("{911E67C6-3D85-4FCE-B560-20A9C3E3FF48}") = "clientDebug32", "Win32\Debug\clientDebug32.exe", "{F31D7381-E909-4AA0-943E-C61B0EF04EFE}"
	ProjectSection(DebuggerProjectSystem) = preProject
		PortSupplier = 00000000-0000-0000-0000-000000000000
		Executable = C:\Projects\bot-battles\bot-battles\Win32\Debug\client.exe
		RemoteMachine = DESKTOP-4UN85KP
		StartingDirectory = C:\Projects\bot-battles\bot-battles\bin\bin86
		Environment = Default
		LaunchingEngine = 00000000-0000-0000-0000-000000000000
		UseLegacyDebugEngines = No
		LaunchSQLEngine = No
		AttachLaunchAction = No
	EndProjectSection
EndProject
Project("{911E67C6-3D85-4FCE-B560-20A9C3E3FF48}") = "clientRelease32", "Win32\Release\clientRelease32.exe", "{87091BE7-2245-447E-A9BA-CB5CE7124A90}"
	ProjectSection(DebuggerProjectSystem) = preProject
		PortSupplier = 00000000-0000-0000-0000-000000000000
		Executable = C:\Projects\bot-battles\bot-battles\Win32\Release\client.exe
		RemoteMachine = DESKTOP-4UN85KP
		StartingDirectory = C:\Projects\bot-battles\bot-battles\bin\bin86
		Environment = Default
		LaunchingEngine = 00000000-0000-0000-0000-000000000000
		UseLegacyDebugEngines = No
		LaunchSQLEngine = No
		AttachLaunchAction = No
	EndProjectSection
EndProject
Project("{911E67C6-3D85-4FCE-B560-20A9C3E3FF48}") = "clientRelease64", "x64\Release\clientRelease64.exe", "{35FB6D83-6A27-447E-90B0-615A3027DE15}"
	ProjectSection(DebuggerProjectSystem) = preProject
		PortSupplier = 00000000-0000-0000-0000-000000000000
		Executable = C:\Projects\bot-battles\bot-battles\x64\Release\client.exe
		RemoteMachine = DESKTOP-4UN85KP
		StartingDirectory = C:\Projects\bot-battles\bot-battles\bin\bin64
		Environment = Default
		LaunchingEngine = 00000000-0000-0000-0000-000000000000
		UseLegacyDebugEngines = No
		LaunchSQLEngine = No
		AttachLaunchAction = No
	EndProjectSection
EndProject
Project("{911E67C6-3D85-4FCE-B560-20A9C3E3FF48}") = "clientDebug64", "x64\Debug\clientDebug64.exe", "{D542F605-A600-46CD-8E68-1A2AF755CC89}"
	ProjectSection(DebuggerProjectSystem) = preProject
		PortSupplier = 00000000-0000-0000-0000-000000000000
		Executable = C:\Projects\bot-battles\bot-battles\x64\Debug\client.exe
		RemoteMachine = DESKTOP-4UN85KP
		StartingDirectory = C:\Projects\bot-battles\bot-battles\bin\bin64
		Environment = Default
		LaunchingEngine = 00000000-0000-0000-0000-000000000000
		UseLegacyDebugEngines = No
		LaunchSQLEngine = No
		AttachLaunchAction = No
	EndProjectSection
EndProject
Global
	GlobalSection(SharedMSBuildProjectFiles) = preSolution
		src\shared\shared.vcxitems*{3226a0ae-857c-4ee5-b27b-5219157789cc}*SharedItemsImports = 4
		src\shared\shared.vcxitems*{50aa5dbe-79b7-4b0e-8d43-5a661c44965a}*SharedItemsImports = 4
		src\shared\shared.vcxitems*{c57e42e8-faa7-47c3-a874-35e261f19d38}*SharedItemsImports = 9
	EndGlobalSection
	GlobalSection(SolutionConfigurationPlatforms) = preSolution
		Debug|x64 = Debug|x64
		Debug|x86 = Debug|x86
		Release|x64 = Release|x64
		Release|x86 = Release|x86
	EndGlobalSection
	GlobalSection(ProjectConfigurationPlatforms) = postSolution
		{50AA5DBE-79B7-4B0E-8D43-5A661C44965A}.Debug|x64.ActiveCfg = Debug|x64
		{50AA5DBE-79B7-4B0E-8D43-5A661C44965A}.Debug|x64.Build.0 = Debug|x64
		{50AA5DBE-79B7-4B0E-8D43-5A661C44965A}.Debug|x86.ActiveCfg = Debug|Win32
		{50AA5DBE-79B7-4B0E-8D43-5A661C44965A}.Debug|x86.Build.0 = Debug|Win32
		{50AA5DBE-79B7-4B0E-8D43-5A661C44965A}.Release|x64.ActiveCfg = Release|x64
		{50AA5DBE-79B7-4B0E-8D43-5A661C44965A}.Release|x64.Build.0 = Release|x64
		{50AA5DBE-79B7-4B0E-8D43-5A661C44965A}.Release|x86.ActiveCfg = Release|Win32
		{50AA5DBE-79B7-4B0E-8D43-5A661C44965A}.Release|x86.Build.0 = Release|Win32
		{3226A0AE-857C-4EE5-B27B-5219157789CC}.Debug|x64.ActiveCfg = Debug|x64
		{3226A0AE-857C-4EE5-B27B-5219157789CC}.Debug|x64.Build.0 = Debug|x64
		{3226A0AE-857C-4EE5-B27B-5219157789CC}.Debug|x86.ActiveCfg = Debug|Win32
		{3226A0AE-857C-4EE5-B27B-5219157789CC}.Debug|x86.Build.0 = Debug|Win32
		{3226A0AE-857C-4EE5-B27B-5219157789CC}.Release|x64.ActiveCfg = Release|x64
		{3226A0AE-857C-4EE5-B27B-5219157789CC}.Release|x64.Build.0 = Release|x64
		{3226A0AE-857C-4EE5-B27B-5219157789CC}.Release|x86.ActiveCfg = Release|Win32
		{3226A0AE-857C-4EE5-B27B-5219157789CC}.Release|x86.Build.0 = Release|Win32
		{F31D7381-E909-4AA0-943E-C61B0EF04EFE}.Debug|x64.ActiveCfg = Release
		{F31D7381-E909-4AA0-943E-C61B0EF04EFE}.Debug|x86.ActiveCfg = Release
		{F31D7381-E909-4AA0-943E-C61B0EF04EFE}.Release|x64.ActiveCfg = Release
		{F31D7381-E909-4AA0-943E-C61B0EF04EFE}.Release|x86.ActiveCfg = Release
		{87091BE7-2245-447E-A9BA-CB5CE7124A90}.Debug|x64.ActiveCfg = Release|x86
		{87091BE7-2245-447E-A9BA-CB5CE7124A90}.Debug|x86.ActiveCfg = Release|x86
		{87091BE7-2245-447E-A9BA-CB5CE7124A90}.Release|x64.ActiveCfg = Release|x86
		{87091BE7-2245-447E-A9BA-CB5CE7124A90}.Release|x86.ActiveCfg = Release|x86
		{35FB6D83-6A27-447E-90B0-615A3027DE15}.Debug|x64.ActiveCfg = Release|x64
		{35FB6D83-6A27-447E-90B0-615A3027DE15}.Debug|x86.ActiveCfg = Release|x64
		{35FB6D83-6A27-447E-90B0-615A3027DE15}.Release|x64.ActiveCfg = Release|x64
		{35FB6D83-6A27-447E-90B0-615A3027DE15}.Release|x86.ActiveCfg = Release|x64
		{D542F605-A600-46CD-8E68-1A2AF755CC89}.Debug|x64.ActiveCfg = Release|x64
		{D542F605-A600-46CD-8E68-1A2AF755CC89}.Debug|x86.ActiveCfg = Release|x64
		{D542F605-A600-46CD-8E68-1A2AF755CC89}.Release|x64.ActiveCfg = Release|x64
		{D542F605-A600-46CD-8E68-1A2AF755CC89}.Release|x86.ActiveCfg = Release|x64
	EndGlobalSection
	GlobalSection(SolutionProperties) = preSolution
		HideSolutionNode = FALSE
	EndGlobalSection
	GlobalSection(ExtensibilityGlobals) = postSolution
		SolutionGuid = {F34986D2-3726-4B6E-A992-2B8962AF0255}
	EndGlobalSection
EndGlobal
